{
  "version": 4,
  "terraform_version": "1.12.2",
  "serial": 933,
  "lineage": "6caeb973-23e8-264b-c7fd-f0bb46e83004",
  "outputs": {
    "alb_ip": {
      "value": [
        {
          "address": "158.160.185.142"
        }
      ],
      "type": [
        "list",
        [
          "object",
          {
            "address": "string"
          }
        ]
      ]
    },
    "bastion_public_ip": {
      "value": "89.169.146.47",
      "type": "string"
    },
    "web_private_ips": {
      "value": [
        "192.168.10.34",
        "192.168.11.15"
      ],
      "type": [
        "tuple",
        [
          "string",
          "string"
        ]
      ]
    }
  },
  "resources": [
    {
      "mode": "data",
      "type": "yandex_compute_image",
      "name": "ubuntu",
      "provider": "provider[\"registry.terraform.io/yandex-cloud/yandex\"]",
      "instances": [
        {
          "schema_version": 0,
          "attributes": {
            "created_at": "2025-08-11T11:05:49Z",
            "description": "Ubuntu 22.04 lts with oslogin  v20250808030218",
            "family": "ubuntu-2204-lts-oslogin",
            "folder_id": "standard-images",
            "hardware_generation": [
              {
                "generation2_features": [],
                "legacy_features": [
                  {
                    "pci_topology": "PCI_TOPOLOGY_V2"
                  }
                ]
              }
            ],
            "id": "fd8gmudqusncrn1jdsv5",
            "image_id": "fd8gmudqusncrn1jdsv5",
            "kms_key_id": null,
            "labels": {
              "version": "20250808030218"
            },
            "min_disk_size": 8,
            "name": "ubuntu-2204-lts-oslogin-v20250811",
            "os_type": "linux",
            "pooled": true,
            "product_ids": [
              "f2e46i1uepo4mo2lo1aa"
            ],
            "size": 2,
            "status": "ready"
          },
          "sensitive_attributes": [],
          "identity_schema_version": 0
        }
      ]
    },
    {
      "mode": "managed",
      "type": "yandex_alb_backend_group",
      "name": "backend",
      "provider": "provider[\"registry.terraform.io/yandex-cloud/yandex\"]",
      "instances": [
        {
          "schema_version": 0,
          "attributes": {
            "created_at": "2025-08-13T18:55:44Z",
            "description": "",
            "folder_id": "b1ggikaja1av3posr20i",
            "grpc_backend": [],
            "http_backend": [
              {
                "healthcheck": [
                  {
                    "grpc_healthcheck": [],
                    "healthcheck_port": 0,
                    "healthy_threshold": 0,
                    "http_healthcheck": [
                      {
                        "expected_statuses": [],
                        "host": "",
                        "http2": false,
                        "path": "/"
                      }
                    ],
                    "interval": "3s",
                    "interval_jitter_percent": 0,
                    "stream_healthcheck": [],
                    "timeout": "1s",
                    "unhealthy_threshold": 0
                  }
                ],
                "http2": false,
                "load_balancing_config": [],
                "name": "http-backend",
                "port": 80,
                "storage_bucket": "",
                "target_group_ids": [
                  "ds7rvtev5iv06kkl8u35"
                ],
                "tls": [],
                "weight": 1
              }
            ],
            "id": "ds7ke1mh28d26o4i7l93",
            "labels": {},
            "name": "",
            "session_affinity": [],
            "stream_backend": [],
            "timeouts": null
          },
          "sensitive_attributes": [],
          "identity_schema_version": 0,
          "private": "eyJlMmJmYjczMC1lY2FhLTExZTYtOGY4OC0zNDM2M2JjN2M0YzAiOnsiY3JlYXRlIjozMDAwMDAwMDAwMDAsImRlbGV0ZSI6MzAwMDAwMDAwMDAwLCJ1cGRhdGUiOjMwMDAwMDAwMDAwMH19",
          "dependencies": [
            "data.yandex_compute_image.ubuntu",
            "yandex_alb_target_group.web-tg",
            "yandex_compute_instance.site",
            "yandex_vpc_gateway.nat",
            "yandex_vpc_network.loshadka",
            "yandex_vpc_route_table.private-rt",
            "yandex_vpc_security_group.web-sg",
            "yandex_vpc_subnet.private-1",
            "yandex_vpc_subnet.private-2"
          ]
        }
      ]
    },
    {
      "mode": "managed",
      "type": "yandex_alb_http_router",
      "name": "router",
      "provider": "provider[\"registry.terraform.io/yandex-cloud/yandex\"]",
      "instances": [
        {
          "schema_version": 0,
          "attributes": {
            "created_at": "2025-08-13T18:54:12Z",
            "description": "",
            "folder_id": "b1ggikaja1av3posr20i",
            "id": "ds738f7pskgor7p7rfuo",
            "labels": {},
            "name": "site-router",
            "route_options": [],
            "timeouts": null
          },
          "sensitive_attributes": [],
          "identity_schema_version": 0,
          "private": "eyJlMmJmYjczMC1lY2FhLTExZTYtOGY4OC0zNDM2M2JjN2M0YzAiOnsiY3JlYXRlIjozMDAwMDAwMDAwMDAsImRlbGV0ZSI6MzAwMDAwMDAwMDAwLCJ1cGRhdGUiOjMwMDAwMDAwMDAwMH19"
        }
      ]
    },
    {
      "mode": "managed",
      "type": "yandex_alb_load_balancer",
      "name": "balancer",
      "provider": "provider[\"registry.terraform.io/yandex-cloud/yandex\"]",
      "instances": [
        {
          "schema_version": 0,
          "attributes": {
            "allocation_policy": [
              {
                "location": [
                  {
                    "disable_traffic": false,
                    "subnet_id": "e9balo3qoplk24vk1fm0",
                    "zone_id": "ru-central1-a"
                  }
                ]
              }
            ],
            "allow_zonal_shift": false,
            "auto_scale_policy": [],
            "created_at": "2025-08-13T18:54:16Z",
            "description": "",
            "folder_id": "b1ggikaja1av3posr20i",
            "id": "ds74emikdlbsrnvvscfc",
            "labels": {},
            "listener": [
              {
                "endpoint": [
                  {
                    "address": [
                      {
                        "external_ipv4_address": [
                          {
                            "address": "158.160.185.142"
                          }
                        ],
                        "external_ipv6_address": [],
                        "internal_ipv4_address": []
                      }
                    ],
                    "ports": [
                      80
                    ]
                  }
                ],
                "http": [
                  {
                    "handler": [
                      {
                        "allow_http10": false,
                        "http2_options": [],
                        "http_router_id": "ds738f7pskgor7p7rfuo",
                        "rewrite_request_id": false
                      }
                    ],
                    "redirects": []
                  }
                ],
                "name": "http-listener",
                "stream": [],
                "tls": []
              }
            ],
            "log_group_id": "",
            "log_options": [],
            "name": "balancer",
            "network_id": "enph73e14j8o2hjivd7k",
            "region_id": "",
            "security_group_ids": [],
            "status": "active",
            "timeouts": null
          },
          "sensitive_attributes": [],
          "identity_schema_version": 0,
          "private": "eyJlMmJmYjczMC1lY2FhLTExZTYtOGY4OC0zNDM2M2JjN2M0YzAiOnsiY3JlYXRlIjo2MDAwMDAwMDAwMDAsImRlbGV0ZSI6NjAwMDAwMDAwMDAwLCJ1cGRhdGUiOjYwMDAwMDAwMDAwMH19",
          "dependencies": [
            "yandex_alb_http_router.router",
            "yandex_vpc_network.loshadka",
            "yandex_vpc_subnet.public-1"
          ]
        }
      ]
    },
    {
      "mode": "managed",
      "type": "yandex_alb_target_group",
      "name": "web-tg",
      "provider": "provider[\"registry.terraform.io/yandex-cloud/yandex\"]",
      "instances": [
        {
          "schema_version": 0,
          "attributes": {
            "created_at": "2025-08-13T18:55:44Z",
            "description": "",
            "folder_id": "b1ggikaja1av3posr20i",
            "id": "ds7rvtev5iv06kkl8u35",
            "labels": {},
            "name": "web-tg",
            "target": [
              {
                "ip_address": "192.168.10.34",
                "private_ipv4_address": false,
                "subnet_id": "e9b54ffqk463inntv8d8"
              },
              {
                "ip_address": "192.168.11.15",
                "private_ipv4_address": false,
                "subnet_id": "e2lbvlok8dojr4lpqtaq"
              }
            ],
            "timeouts": null
          },
          "sensitive_attributes": [],
          "identity_schema_version": 0,
          "private": "eyJlMmJmYjczMC1lY2FhLTExZTYtOGY4OC0zNDM2M2JjN2M0YzAiOnsiY3JlYXRlIjozMDAwMDAwMDAwMDAsImRlbGV0ZSI6MzAwMDAwMDAwMDAwLCJ1cGRhdGUiOjMwMDAwMDAwMDAwMH19",
          "dependencies": [
            "data.yandex_compute_image.ubuntu",
            "yandex_compute_instance.site",
            "yandex_vpc_gateway.nat",
            "yandex_vpc_network.loshadka",
            "yandex_vpc_route_table.private-rt",
            "yandex_vpc_security_group.web-sg",
            "yandex_vpc_subnet.private-1",
            "yandex_vpc_subnet.private-2"
          ]
        }
      ]
    },
    {
      "mode": "managed",
      "type": "yandex_alb_virtual_host",
      "name": "vh",
      "provider": "provider[\"registry.terraform.io/yandex-cloud/yandex\"]",
      "instances": [
        {
          "schema_version": 0,
          "attributes": {
            "authority": [],
            "http_router_id": "ds738f7pskgor7p7rfuo",
            "id": "ds738f7pskgor7p7rfuo/site-vh",
            "modify_request_headers": [],
            "modify_response_headers": [],
            "name": "site-vh",
            "rate_limit": [],
            "route": [
              {
                "grpc_route": [],
                "http_route": [
                  {
                    "direct_response_action": [],
                    "http_match": [
                      {
                        "http_method": [],
                        "path": [
                          {
                            "exact": "",
                            "prefix": "/",
                            "regex": ""
                          }
                        ]
                      }
                    ],
                    "http_route_action": [
                      {
                        "auto_host_rewrite": false,
                        "backend_group_id": "ds7ke1mh28d26o4i7l93",
                        "host_rewrite": "",
                        "idle_timeout": "",
                        "prefix_rewrite": "",
                        "rate_limit": [],
                        "regex_rewrite": [],
                        "timeout": "",
                        "upgrade_types": []
                      }
                    ],
                    "redirect_action": []
                  }
                ],
                "name": "route",
                "route_options": []
              }
            ],
            "route_options": [],
            "timeouts": null
          },
          "sensitive_attributes": [],
          "identity_schema_version": 0,
          "private": "eyJlMmJmYjczMC1lY2FhLTExZTYtOGY4OC0zNDM2M2JjN2M0YzAiOnsiY3JlYXRlIjozMDAwMDAwMDAwMDAsImRlbGV0ZSI6MzAwMDAwMDAwMDAwLCJ1cGRhdGUiOjMwMDAwMDAwMDAwMH19",
          "dependencies": [
            "data.yandex_compute_image.ubuntu",
            "yandex_alb_backend_group.backend",
            "yandex_alb_http_router.router",
            "yandex_alb_target_group.web-tg",
            "yandex_compute_instance.site",
            "yandex_vpc_gateway.nat",
            "yandex_vpc_network.loshadka",
            "yandex_vpc_route_table.private-rt",
            "yandex_vpc_security_group.web-sg",
            "yandex_vpc_subnet.private-1",
            "yandex_vpc_subnet.private-2"
          ]
        }
      ]
    },
    {
      "mode": "managed",
      "type": "yandex_compute_instance",
      "name": "bastion",
      "provider": "provider[\"registry.terraform.io/yandex-cloud/yandex\"]",
      "instances": [
        {
          "schema_version": 1,
          "attributes": {
            "allow_recreate": null,
            "allow_stopping_for_update": null,
            "boot_disk": [
              {
                "auto_delete": true,
                "device_name": "fhmeo9hs9aefglel9iri",
                "disk_id": "fhmeo9hs9aefglel9iri",
                "initialize_params": [
                  {
                    "block_size": 4096,
                    "description": "",
                    "image_id": "fd8gmudqusncrn1jdsv5",
                    "kms_key_id": "",
                    "name": "",
                    "size": 10,
                    "snapshot_id": "",
                    "type": "network-hdd"
                  }
                ],
                "mode": "READ_WRITE"
              }
            ],
            "created_at": "2025-08-13T18:54:23Z",
            "description": "",
            "filesystem": [],
            "folder_id": "b1ggikaja1av3posr20i",
            "fqdn": "fhmbe9s7v3fjjekqo830.auto.internal",
            "gpu_cluster_id": "",
            "hardware_generation": [
              {
                "generation2_features": [],
                "legacy_features": [
                  {
                    "pci_topology": "PCI_TOPOLOGY_V2"
                  }
                ]
              }
            ],
            "hostname": "",
            "id": "fhmbe9s7v3fjjekqo830",
            "labels": {},
            "local_disk": [],
            "maintenance_grace_period": "",
            "maintenance_policy": null,
            "metadata": {
              "ssh-keys": "ubuntu:ssh-rsa AAAAB3NzaC1yc2EAAAADAQABAAABgQDVsVkt7lDa4noDkL1w7mNGXgeyjrWkikbwAyyWFBbDViHtDsWAAU9a6ipyguFxA2C3q9GKS8oqz86at/48oWYj6xN0L6YCnHwNhG4WNeeUqEYF5h0dyk9tgYe6kzRI678M8jid6rQf1tQzY+LddmN7qB4b+CP0cVi4dQQDCEMO7aMB+VDIhRiyq5don4FBysIr6ZEl9X9An7yDu68x/modq6NCXWtbKZPbg38EWY+5vkXAAKCo9RWfqFxNTB3b3RAOIujCmmDiG9vJNE+71M//929VcSEnDVNWXiqa/CIRwmgd9fmH7II3Sq/ua5k2VKjtOkjTUrCno4DI6XlNDDpdrQAa6Zal0TDKma4ffhmsTumUTpt1tYQZ1NQuPzVzTfqEAth+7/nUN/n/zmUi4vLgIQYh9svyOy11+BdyVoN9jY82krCfxlocUa62uvwoocVv3dfonhi6C5jStXWynbk7FMI7fshrR7QoF3CGvaIHOpLw/4EcqdbDReNXiCeAdas= root@Main\n"
            },
            "metadata_options": [
              {
                "aws_v1_http_endpoint": 1,
                "aws_v1_http_token": 2,
                "gce_http_endpoint": 1,
                "gce_http_token": 1
              }
            ],
            "name": "bastion",
            "network_acceleration_type": "standard",
            "network_interface": [
              {
                "dns_record": [],
                "index": 0,
                "ip_address": "192.168.1.29",
                "ipv4": true,
                "ipv6": false,
                "ipv6_address": "",
                "ipv6_dns_record": [],
                "mac_address": "d0:0d:b7:27:87:f8",
                "nat": true,
                "nat_dns_record": [],
                "nat_ip_address": "89.169.146.47",
                "nat_ip_version": "IPV4",
                "security_group_ids": [
                  "enp3e4i943jcoet0chga"
                ],
                "subnet_id": "e9balo3qoplk24vk1fm0"
              }
            ],
            "placement_policy": [
              {
                "host_affinity_rules": [],
                "placement_group_id": "",
                "placement_group_partition": 0
              }
            ],
            "platform_id": "standard-v1",
            "resources": [
              {
                "core_fraction": 100,
                "cores": 2,
                "gpus": 0,
                "memory": 2
              }
            ],
            "scheduling_policy": [
              {
                "preemptible": true
              }
            ],
            "secondary_disk": [],
            "service_account_id": "",
            "status": "running",
            "timeouts": null,
            "zone": "ru-central1-a"
          },
          "sensitive_attributes": [],
          "identity_schema_version": 0,
          "private": "eyJlMmJmYjczMC1lY2FhLTExZTYtOGY4OC0zNDM2M2JjN2M0YzAiOnsiY3JlYXRlIjozMDAwMDAwMDAwMDAsImRlbGV0ZSI6MzAwMDAwMDAwMDAwLCJ1cGRhdGUiOjMwMDAwMDAwMDAwMH0sInNjaGVtYV92ZXJzaW9uIjoiMSJ9",
          "dependencies": [
            "data.yandex_compute_image.ubuntu",
            "yandex_vpc_network.loshadka",
            "yandex_vpc_security_group.bastion-sg",
            "yandex_vpc_subnet.public-1"
          ]
        }
      ]
    },
    {
      "mode": "managed",
      "type": "yandex_compute_instance",
      "name": "site",
      "provider": "provider[\"registry.terraform.io/yandex-cloud/yandex\"]",
      "instances": [
        {
          "index_key": 0,
          "schema_version": 1,
          "attributes": {
            "allow_recreate": null,
            "allow_stopping_for_update": null,
            "boot_disk": [
              {
                "auto_delete": true,
                "device_name": "fhm3i8n98om56lcnn1sl",
                "disk_id": "fhm3i8n98om56lcnn1sl",
                "initialize_params": [
                  {
                    "block_size": 4096,
                    "description": "",
                    "image_id": "fd8gmudqusncrn1jdsv5",
                    "kms_key_id": "",
                    "name": "",
                    "size": 10,
                    "snapshot_id": "",
                    "type": "network-hdd"
                  }
                ],
                "mode": "READ_WRITE"
              }
            ],
            "created_at": "2025-08-13T18:54:20Z",
            "description": "",
            "filesystem": [],
            "folder_id": "b1ggikaja1av3posr20i",
            "fqdn": "site-1.ru-central1.internal",
            "gpu_cluster_id": "",
            "hardware_generation": [
              {
                "generation2_features": [],
                "legacy_features": [
                  {
                    "pci_topology": "PCI_TOPOLOGY_V2"
                  }
                ]
              }
            ],
            "hostname": "site-1",
            "id": "fhm9j7to178540ik6c7u",
            "labels": {},
            "local_disk": [],
            "maintenance_grace_period": "",
            "maintenance_policy": null,
            "metadata": {
              "ssh-keys": "ubuntu:ssh-rsa AAAAB3NzaC1yc2EAAAADAQABAAABgQDVsVkt7lDa4noDkL1w7mNGXgeyjrWkikbwAyyWFBbDViHtDsWAAU9a6ipyguFxA2C3q9GKS8oqz86at/48oWYj6xN0L6YCnHwNhG4WNeeUqEYF5h0dyk9tgYe6kzRI678M8jid6rQf1tQzY+LddmN7qB4b+CP0cVi4dQQDCEMO7aMB+VDIhRiyq5don4FBysIr6ZEl9X9An7yDu68x/modq6NCXWtbKZPbg38EWY+5vkXAAKCo9RWfqFxNTB3b3RAOIujCmmDiG9vJNE+71M//929VcSEnDVNWXiqa/CIRwmgd9fmH7II3Sq/ua5k2VKjtOkjTUrCno4DI6XlNDDpdrQAa6Zal0TDKma4ffhmsTumUTpt1tYQZ1NQuPzVzTfqEAth+7/nUN/n/zmUi4vLgIQYh9svyOy11+BdyVoN9jY82krCfxlocUa62uvwoocVv3dfonhi6C5jStXWynbk7FMI7fshrR7QoF3CGvaIHOpLw/4EcqdbDReNXiCeAdas= root@Main\n",
              "user-data": "#cloud-config\r\npackage_update: true\r\npackage_upgrade: true\r\npackages:\r\n  - nginx\r\nruncmd:\r\n  - echo \"Hello World\" \u003e /var/www/html/index.html\r\n  - systemctl enable nginx\r\n  - systemctl restart nginx\r\n"
            },
            "metadata_options": [
              {
                "aws_v1_http_endpoint": 1,
                "aws_v1_http_token": 2,
                "gce_http_endpoint": 1,
                "gce_http_token": 1
              }
            ],
            "name": "site-1",
            "network_acceleration_type": "standard",
            "network_interface": [
              {
                "dns_record": [],
                "index": 0,
                "ip_address": "192.168.10.34",
                "ipv4": true,
                "ipv6": false,
                "ipv6_address": "",
                "ipv6_dns_record": [],
                "mac_address": "d0:0d:99:9f:b8:09",
                "nat": false,
                "nat_dns_record": [],
                "nat_ip_address": "",
                "nat_ip_version": "",
                "security_group_ids": [
                  "enpfn94n3foobd06fr36"
                ],
                "subnet_id": "e9b54ffqk463inntv8d8"
              }
            ],
            "placement_policy": [
              {
                "host_affinity_rules": [],
                "placement_group_id": "",
                "placement_group_partition": 0
              }
            ],
            "platform_id": "standard-v1",
            "resources": [
              {
                "core_fraction": 100,
                "cores": 2,
                "gpus": 0,
                "memory": 2
              }
            ],
            "scheduling_policy": [
              {
                "preemptible": true
              }
            ],
            "secondary_disk": [],
            "service_account_id": "",
            "status": "running",
            "timeouts": null,
            "zone": "ru-central1-a"
          },
          "sensitive_attributes": [],
          "identity_schema_version": 0,
          "private": "eyJlMmJmYjczMC1lY2FhLTExZTYtOGY4OC0zNDM2M2JjN2M0YzAiOnsiY3JlYXRlIjozMDAwMDAwMDAwMDAsImRlbGV0ZSI6MzAwMDAwMDAwMDAwLCJ1cGRhdGUiOjMwMDAwMDAwMDAwMH0sInNjaGVtYV92ZXJzaW9uIjoiMSJ9",
          "dependencies": [
            "data.yandex_compute_image.ubuntu",
            "yandex_vpc_gateway.nat",
            "yandex_vpc_network.loshadka",
            "yandex_vpc_route_table.private-rt",
            "yandex_vpc_security_group.web-sg",
            "yandex_vpc_subnet.private-1",
            "yandex_vpc_subnet.private-2"
          ]
        },
        {
          "index_key": 1,
          "schema_version": 1,
          "attributes": {
            "allow_recreate": null,
            "allow_stopping_for_update": null,
            "boot_disk": [
              {
                "auto_delete": true,
                "device_name": "epdfcdjludhknlgvf6a7",
                "disk_id": "epdfcdjludhknlgvf6a7",
                "initialize_params": [
                  {
                    "block_size": 4096,
                    "description": "",
                    "image_id": "fd8gmudqusncrn1jdsv5",
                    "kms_key_id": "",
                    "name": "",
                    "size": 10,
                    "snapshot_id": "",
                    "type": "network-hdd"
                  }
                ],
                "mode": "READ_WRITE"
              }
            ],
            "created_at": "2025-08-13T18:54:20Z",
            "description": "",
            "filesystem": [],
            "folder_id": "b1ggikaja1av3posr20i",
            "fqdn": "site-2.ru-central1.internal",
            "gpu_cluster_id": "",
            "hardware_generation": [
              {
                "generation2_features": [],
                "legacy_features": [
                  {
                    "pci_topology": "PCI_TOPOLOGY_V2"
                  }
                ]
              }
            ],
            "hostname": "site-2",
            "id": "epds48bgv6p4s9dvddgn",
            "labels": {},
            "local_disk": [],
            "maintenance_grace_period": "",
            "maintenance_policy": null,
            "metadata": {
              "ssh-keys": "ubuntu:ssh-rsa AAAAB3NzaC1yc2EAAAADAQABAAABgQDVsVkt7lDa4noDkL1w7mNGXgeyjrWkikbwAyyWFBbDViHtDsWAAU9a6ipyguFxA2C3q9GKS8oqz86at/48oWYj6xN0L6YCnHwNhG4WNeeUqEYF5h0dyk9tgYe6kzRI678M8jid6rQf1tQzY+LddmN7qB4b+CP0cVi4dQQDCEMO7aMB+VDIhRiyq5don4FBysIr6ZEl9X9An7yDu68x/modq6NCXWtbKZPbg38EWY+5vkXAAKCo9RWfqFxNTB3b3RAOIujCmmDiG9vJNE+71M//929VcSEnDVNWXiqa/CIRwmgd9fmH7II3Sq/ua5k2VKjtOkjTUrCno4DI6XlNDDpdrQAa6Zal0TDKma4ffhmsTumUTpt1tYQZ1NQuPzVzTfqEAth+7/nUN/n/zmUi4vLgIQYh9svyOy11+BdyVoN9jY82krCfxlocUa62uvwoocVv3dfonhi6C5jStXWynbk7FMI7fshrR7QoF3CGvaIHOpLw/4EcqdbDReNXiCeAdas= root@Main\n",
              "user-data": "#cloud-config\r\npackage_update: true\r\npackage_upgrade: true\r\npackages:\r\n  - nginx\r\nruncmd:\r\n  - echo \"Hello World\" \u003e /var/www/html/index.html\r\n  - systemctl enable nginx\r\n  - systemctl restart nginx\r\n"
            },
            "metadata_options": [
              {
                "aws_v1_http_endpoint": 1,
                "aws_v1_http_token": 2,
                "gce_http_endpoint": 1,
                "gce_http_token": 1
              }
            ],
            "name": "site-2",
            "network_acceleration_type": "standard",
            "network_interface": [
              {
                "dns_record": [],
                "index": 0,
                "ip_address": "192.168.11.15",
                "ipv4": true,
                "ipv6": false,
                "ipv6_address": "",
                "ipv6_dns_record": [],
                "mac_address": "d0:0d:1c:22:17:0f",
                "nat": false,
                "nat_dns_record": [],
                "nat_ip_address": "",
                "nat_ip_version": "",
                "security_group_ids": [
                  "enpfn94n3foobd06fr36"
                ],
                "subnet_id": "e2lbvlok8dojr4lpqtaq"
              }
            ],
            "placement_policy": [
              {
                "host_affinity_rules": [],
                "placement_group_id": "",
                "placement_group_partition": 0
              }
            ],
            "platform_id": "standard-v1",
            "resources": [
              {
                "core_fraction": 100,
                "cores": 2,
                "gpus": 0,
                "memory": 2
              }
            ],
            "scheduling_policy": [
              {
                "preemptible": true
              }
            ],
            "secondary_disk": [],
            "service_account_id": "",
            "status": "running",
            "timeouts": null,
            "zone": "ru-central1-b"
          },
          "sensitive_attributes": [],
          "identity_schema_version": 0,
          "private": "eyJlMmJmYjczMC1lY2FhLTExZTYtOGY4OC0zNDM2M2JjN2M0YzAiOnsiY3JlYXRlIjozMDAwMDAwMDAwMDAsImRlbGV0ZSI6MzAwMDAwMDAwMDAwLCJ1cGRhdGUiOjMwMDAwMDAwMDAwMH0sInNjaGVtYV92ZXJzaW9uIjoiMSJ9",
          "dependencies": [
            "data.yandex_compute_image.ubuntu",
            "yandex_vpc_gateway.nat",
            "yandex_vpc_network.loshadka",
            "yandex_vpc_route_table.private-rt",
            "yandex_vpc_security_group.web-sg",
            "yandex_vpc_subnet.private-1",
            "yandex_vpc_subnet.private-2"
          ]
        }
      ]
    },
    {
      "mode": "managed",
      "type": "yandex_compute_instance",
      "name": "zabbix",
      "provider": "provider[\"registry.terraform.io/yandex-cloud/yandex\"]",
      "instances": [
        {
          "schema_version": 1,
          "attributes": {
            "allow_recreate": null,
            "allow_stopping_for_update": null,
            "boot_disk": [
              {
                "auto_delete": true,
                "device_name": "fhmqvkihbu4to9lm8ejj",
                "disk_id": "fhmqvkihbu4to9lm8ejj",
                "initialize_params": [
                  {
                    "block_size": 4096,
                    "description": "",
                    "image_id": "fd8gmudqusncrn1jdsv5",
                    "kms_key_id": "",
                    "name": "",
                    "size": 10,
                    "snapshot_id": "",
                    "type": "network-hdd"
                  }
                ],
                "mode": "READ_WRITE"
              }
            ],
            "created_at": "2025-08-13T18:54:26Z",
            "description": "",
            "filesystem": [],
            "folder_id": "b1ggikaja1av3posr20i",
            "fqdn": "fhmkju35b8uug85n66og.auto.internal",
            "gpu_cluster_id": "",
            "hardware_generation": [
              {
                "generation2_features": [],
                "legacy_features": [
                  {
                    "pci_topology": "PCI_TOPOLOGY_V2"
                  }
                ]
              }
            ],
            "hostname": "",
            "id": "fhmkju35b8uug85n66og",
            "labels": {},
            "local_disk": [],
            "maintenance_grace_period": "",
            "maintenance_policy": null,
            "metadata": {
              "ssh-keys": "ubuntu:ssh-rsa AAAAB3NzaC1yc2EAAAADAQABAAABgQDVsVkt7lDa4noDkL1w7mNGXgeyjrWkikbwAyyWFBbDViHtDsWAAU9a6ipyguFxA2C3q9GKS8oqz86at/48oWYj6xN0L6YCnHwNhG4WNeeUqEYF5h0dyk9tgYe6kzRI678M8jid6rQf1tQzY+LddmN7qB4b+CP0cVi4dQQDCEMO7aMB+VDIhRiyq5don4FBysIr6ZEl9X9An7yDu68x/modq6NCXWtbKZPbg38EWY+5vkXAAKCo9RWfqFxNTB3b3RAOIujCmmDiG9vJNE+71M//929VcSEnDVNWXiqa/CIRwmgd9fmH7II3Sq/ua5k2VKjtOkjTUrCno4DI6XlNDDpdrQAa6Zal0TDKma4ffhmsTumUTpt1tYQZ1NQuPzVzTfqEAth+7/nUN/n/zmUi4vLgIQYh9svyOy11+BdyVoN9jY82krCfxlocUa62uvwoocVv3dfonhi6C5jStXWynbk7FMI7fshrR7QoF3CGvaIHOpLw/4EcqdbDReNXiCeAdas= root@Main\n"
            },
            "metadata_options": [
              {
                "aws_v1_http_endpoint": 1,
                "aws_v1_http_token": 2,
                "gce_http_endpoint": 1,
                "gce_http_token": 1
              }
            ],
            "name": "zabbix",
            "network_acceleration_type": "standard",
            "network_interface": [
              {
                "dns_record": [],
                "index": 0,
                "ip_address": "192.168.1.13",
                "ipv4": true,
                "ipv6": false,
                "ipv6_address": "",
                "ipv6_dns_record": [],
                "mac_address": "d0:0d:14:9f:86:55",
                "nat": true,
                "nat_dns_record": [],
                "nat_ip_address": "84.252.128.110",
                "nat_ip_version": "IPV4",
                "security_group_ids": [
                  "enpj3cbdccu6kiudchft"
                ],
                "subnet_id": "e9balo3qoplk24vk1fm0"
              }
            ],
            "placement_policy": [
              {
                "host_affinity_rules": [],
                "placement_group_id": "",
                "placement_group_partition": 0
              }
            ],
            "platform_id": "standard-v1",
            "resources": [
              {
                "core_fraction": 100,
                "cores": 2,
                "gpus": 0,
                "memory": 2
              }
            ],
            "scheduling_policy": [
              {
                "preemptible": true
              }
            ],
            "secondary_disk": [],
            "service_account_id": "",
            "status": "running",
            "timeouts": null,
            "zone": "ru-central1-a"
          },
          "sensitive_attributes": [],
          "identity_schema_version": 0,
          "private": "eyJlMmJmYjczMC1lY2FhLTExZTYtOGY4OC0zNDM2M2JjN2M0YzAiOnsiY3JlYXRlIjozMDAwMDAwMDAwMDAsImRlbGV0ZSI6MzAwMDAwMDAwMDAwLCJ1cGRhdGUiOjMwMDAwMDAwMDAwMH0sInNjaGVtYV92ZXJzaW9uIjoiMSJ9",
          "dependencies": [
            "data.yandex_compute_image.ubuntu",
            "yandex_vpc_network.loshadka",
            "yandex_vpc_security_group.zabbix-sg",
            "yandex_vpc_subnet.public-1"
          ]
        }
      ]
    },
    {
      "mode": "managed",
      "type": "yandex_vpc_gateway",
      "name": "nat",
      "provider": "provider[\"registry.terraform.io/yandex-cloud/yandex\"]",
      "instances": [
        {
          "schema_version": 0,
          "attributes": {
            "created_at": "2025-08-13T18:54:12Z",
            "description": "",
            "folder_id": "b1ggikaja1av3posr20i",
            "id": "enpkq15hh2ofv7smo9bh",
            "labels": {},
            "name": "nat-gw",
            "shared_egress_gateway": [
              {}
            ],
            "timeouts": null
          },
          "sensitive_attributes": [],
          "identity_schema_version": 0,
          "private": "eyJlMmJmYjczMC1lY2FhLTExZTYtOGY4OC0zNDM2M2JjN2M0YzAiOnsiY3JlYXRlIjo2MDAwMDAwMDAwMCwiZGVsZXRlIjo2MDAwMDAwMDAwMCwidXBkYXRlIjo2MDAwMDAwMDAwMH19"
        }
      ]
    },
    {
      "mode": "managed",
      "type": "yandex_vpc_network",
      "name": "loshadka",
      "provider": "provider[\"registry.terraform.io/yandex-cloud/yandex\"]",
      "instances": [
        {
          "schema_version": 0,
          "attributes": {
            "created_at": "2025-08-13T18:54:12Z",
            "default_security_group_id": "enpt5m4sq18fanthttre",
            "description": "Локалка для сайтов",
            "folder_id": "b1ggikaja1av3posr20i",
            "id": "enph73e14j8o2hjivd7k",
            "labels": {},
            "name": "loshadka",
            "subnet_ids": [
              "e2l9o92h5dqu0qo190sh",
              "e2lbvlok8dojr4lpqtaq",
              "e9b54ffqk463inntv8d8",
              "e9balo3qoplk24vk1fm0"
            ],
            "timeouts": null
          },
          "sensitive_attributes": [],
          "identity_schema_version": 0,
          "private": "eyJlMmJmYjczMC1lY2FhLTExZTYtOGY4OC0zNDM2M2JjN2M0YzAiOnsiY3JlYXRlIjo2MDAwMDAwMDAwMCwiZGVsZXRlIjo2MDAwMDAwMDAwMCwidXBkYXRlIjo2MDAwMDAwMDAwMH19"
        }
      ]
    },
    {
      "mode": "managed",
      "type": "yandex_vpc_route_table",
      "name": "private-rt",
      "provider": "provider[\"registry.terraform.io/yandex-cloud/yandex\"]",
      "instances": [
        {
          "schema_version": 0,
          "attributes": {
            "created_at": "2025-08-13T18:54:17Z",
            "description": "",
            "folder_id": "b1ggikaja1av3posr20i",
            "id": "enpu48kq4q5mlq5m905f",
            "labels": {},
            "name": "",
            "network_id": "enph73e14j8o2hjivd7k",
            "static_route": [
              {
                "destination_prefix": "0.0.0.0/0",
                "gateway_id": "enpkq15hh2ofv7smo9bh",
                "next_hop_address": ""
              }
            ],
            "timeouts": null
          },
          "sensitive_attributes": [],
          "identity_schema_version": 0,
          "private": "eyJlMmJmYjczMC1lY2FhLTExZTYtOGY4OC0zNDM2M2JjN2M0YzAiOnsiY3JlYXRlIjoxODAwMDAwMDAwMDAsImRlbGV0ZSI6MTgwMDAwMDAwMDAwLCJ1cGRhdGUiOjE4MDAwMDAwMDAwMH19",
          "dependencies": [
            "yandex_vpc_gateway.nat",
            "yandex_vpc_network.loshadka"
          ]
        }
      ]
    },
    {
      "mode": "managed",
      "type": "yandex_vpc_security_group",
      "name": "bastion-sg",
      "provider": "provider[\"registry.terraform.io/yandex-cloud/yandex\"]",
      "instances": [
        {
          "schema_version": 0,
          "attributes": {
            "created_at": "2025-08-13T18:54:23Z",
            "description": "Группа для бастион сервера",
            "egress": [
              {
                "description": "Разрешает исходящий ssh",
                "from_port": -1,
                "id": "enp1kmjl9d4v87sqd9pr",
                "labels": {},
                "port": 22,
                "predefined_target": "",
                "protocol": "ANY",
                "security_group_id": "",
                "to_port": -1,
                "v4_cidr_blocks": [
                  "0.0.0.0/0"
                ],
                "v6_cidr_blocks": []
              }
            ],
            "folder_id": "b1ggikaja1av3posr20i",
            "id": "enp3e4i943jcoet0chga",
            "ingress": [
              {
                "description": "Разрешает входящий ssh",
                "from_port": -1,
                "id": "enpbjtl2976ghh3r9qa4",
                "labels": {},
                "port": 22,
                "predefined_target": "",
                "protocol": "ANY",
                "security_group_id": "",
                "to_port": -1,
                "v4_cidr_blocks": [
                  "0.0.0.0/0"
                ],
                "v6_cidr_blocks": []
              }
            ],
            "labels": {},
            "name": "bastion-sg",
            "network_id": "enph73e14j8o2hjivd7k",
            "status": "ACTIVE",
            "timeouts": null
          },
          "sensitive_attributes": [],
          "identity_schema_version": 0,
          "private": "eyJlMmJmYjczMC1lY2FhLTExZTYtOGY4OC0zNDM2M2JjN2M0YzAiOnsiY3JlYXRlIjoxODAwMDAwMDAwMDAsImRlbGV0ZSI6MTgwMDAwMDAwMDAwLCJ1cGRhdGUiOjE4MDAwMDAwMDAwMH19",
          "dependencies": [
            "yandex_vpc_network.loshadka"
          ]
        }
      ]
    },
    {
      "mode": "managed",
      "type": "yandex_vpc_security_group",
      "name": "elc-sg",
      "provider": "provider[\"registry.terraform.io/yandex-cloud/yandex\"]",
      "instances": [
        {
          "schema_version": 0,
          "attributes": {
            "created_at": "2025-08-13T18:54:21Z",
            "description": "Группа для elc",
            "egress": [],
            "folder_id": "b1ggikaja1av3posr20i",
            "id": "enpdt7unau8usebmkrt1",
            "ingress": [],
            "labels": {},
            "name": "elc-sg",
            "network_id": "enph73e14j8o2hjivd7k",
            "status": "ACTIVE",
            "timeouts": null
          },
          "sensitive_attributes": [],
          "identity_schema_version": 0,
          "private": "eyJlMmJmYjczMC1lY2FhLTExZTYtOGY4OC0zNDM2M2JjN2M0YzAiOnsiY3JlYXRlIjoxODAwMDAwMDAwMDAsImRlbGV0ZSI6MTgwMDAwMDAwMDAwLCJ1cGRhdGUiOjE4MDAwMDAwMDAwMH19",
          "dependencies": [
            "yandex_vpc_network.loshadka"
          ]
        }
      ]
    },
    {
      "mode": "managed",
      "type": "yandex_vpc_security_group",
      "name": "kibana-sg",
      "provider": "provider[\"registry.terraform.io/yandex-cloud/yandex\"]",
      "instances": [
        {
          "schema_version": 0,
          "attributes": {
            "created_at": "2025-08-13T18:54:17Z",
            "description": "Группа для elc",
            "egress": [],
            "folder_id": "b1ggikaja1av3posr20i",
            "id": "enpigo2mv3b3c6gcfmqr",
            "ingress": [],
            "labels": {},
            "name": "kibana-sg",
            "network_id": "enph73e14j8o2hjivd7k",
            "status": "ACTIVE",
            "timeouts": null
          },
          "sensitive_attributes": [],
          "identity_schema_version": 0,
          "private": "eyJlMmJmYjczMC1lY2FhLTExZTYtOGY4OC0zNDM2M2JjN2M0YzAiOnsiY3JlYXRlIjoxODAwMDAwMDAwMDAsImRlbGV0ZSI6MTgwMDAwMDAwMDAwLCJ1cGRhdGUiOjE4MDAwMDAwMDAwMH19",
          "dependencies": [
            "yandex_vpc_network.loshadka"
          ]
        }
      ]
    },
    {
      "mode": "managed",
      "type": "yandex_vpc_security_group",
      "name": "web-sg",
      "provider": "provider[\"registry.terraform.io/yandex-cloud/yandex\"]",
      "instances": [
        {
          "schema_version": 0,
          "attributes": {
            "created_at": "2025-08-13T18:54:19Z",
            "description": "Группа для для сайтов",
            "egress": [
              {
                "description": "ping",
                "from_port": 0,
                "id": "enp7kf0bpnbcki1kofb3",
                "labels": {},
                "port": -1,
                "predefined_target": "",
                "protocol": "TCP",
                "security_group_id": "",
                "to_port": 65535,
                "v4_cidr_blocks": [
                  "0.0.0.0/0"
                ],
                "v6_cidr_blocks": []
              },
              {
                "description": "Входящий zabbix agent",
                "from_port": -1,
                "id": "enpatbep71qldi0183o2",
                "labels": {},
                "port": 10050,
                "predefined_target": "",
                "protocol": "TCP",
                "security_group_id": "",
                "to_port": -1,
                "v4_cidr_blocks": [
                  "0.0.0.0/0"
                ],
                "v6_cidr_blocks": []
              },
              {
                "description": "Исходящий zabbix trapper",
                "from_port": -1,
                "id": "enpb6als324tr323po8d",
                "labels": {},
                "port": 10051,
                "predefined_target": "",
                "protocol": "TCP",
                "security_group_id": "",
                "to_port": -1,
                "v4_cidr_blocks": [
                  "0.0.0.0/0"
                ],
                "v6_cidr_blocks": []
              },
              {
                "description": "Разрешает исходящий http трафик",
                "from_port": -1,
                "id": "enpnh0ablrvl6vkurikk",
                "labels": {},
                "port": 80,
                "predefined_target": "",
                "protocol": "TCP",
                "security_group_id": "",
                "to_port": -1,
                "v4_cidr_blocks": [
                  "0.0.0.0/0"
                ],
                "v6_cidr_blocks": []
              },
              {
                "description": "Разрешает исходящий ssh для web сайтов только с бастион сервера",
                "from_port": -1,
                "id": "enpi1hk3h5g2lajhrm78",
                "labels": {},
                "port": 22,
                "predefined_target": "",
                "protocol": "TCP",
                "security_group_id": "",
                "to_port": -1,
                "v4_cidr_blocks": [
                  "192.168.1.0/24",
                  "192.168.2.0/24"
                ],
                "v6_cidr_blocks": []
              }
            ],
            "folder_id": "b1ggikaja1av3posr20i",
            "id": "enpfn94n3foobd06fr36",
            "ingress": [
              {
                "description": "ping",
                "from_port": 0,
                "id": "enplhuei4a1j0kjknnb6",
                "labels": {},
                "port": -1,
                "predefined_target": "",
                "protocol": "TCP",
                "security_group_id": "",
                "to_port": 65535,
                "v4_cidr_blocks": [
                  "0.0.0.0/0"
                ],
                "v6_cidr_blocks": []
              },
              {
                "description": "Входящий zabbix agent",
                "from_port": -1,
                "id": "enpl8uecl9ud5dej878a",
                "labels": {},
                "port": 10050,
                "predefined_target": "",
                "protocol": "TCP",
                "security_group_id": "",
                "to_port": -1,
                "v4_cidr_blocks": [
                  "0.0.0.0/0"
                ],
                "v6_cidr_blocks": []
              },
              {
                "description": "Входящий zabbix trapper",
                "from_port": -1,
                "id": "enpobr9l966cvdb5bs7o",
                "labels": {},
                "port": 10051,
                "predefined_target": "",
                "protocol": "TCP",
                "security_group_id": "",
                "to_port": -1,
                "v4_cidr_blocks": [
                  "0.0.0.0/0"
                ],
                "v6_cidr_blocks": []
              },
              {
                "description": "Разрешает входящий http трафик",
                "from_port": -1,
                "id": "enp3h75bka9b1vqnaqgc",
                "labels": {},
                "port": 80,
                "predefined_target": "",
                "protocol": "TCP",
                "security_group_id": "",
                "to_port": -1,
                "v4_cidr_blocks": [
                  "0.0.0.0/0"
                ],
                "v6_cidr_blocks": []
              },
              {
                "description": "Разрешает входящий ssh для web сайтов только с бастион сервера",
                "from_port": -1,
                "id": "enpbhtj7a0iohrgiv3tu",
                "labels": {},
                "port": 22,
                "predefined_target": "",
                "protocol": "TCP",
                "security_group_id": "",
                "to_port": -1,
                "v4_cidr_blocks": [
                  "192.168.1.0/24",
                  "192.168.2.0/24"
                ],
                "v6_cidr_blocks": []
              }
            ],
            "labels": {},
            "name": "web-sg",
            "network_id": "enph73e14j8o2hjivd7k",
            "status": "ACTIVE",
            "timeouts": null
          },
          "sensitive_attributes": [],
          "identity_schema_version": 0,
          "private": "eyJlMmJmYjczMC1lY2FhLTExZTYtOGY4OC0zNDM2M2JjN2M0YzAiOnsiY3JlYXRlIjoxODAwMDAwMDAwMDAsImRlbGV0ZSI6MTgwMDAwMDAwMDAwLCJ1cGRhdGUiOjE4MDAwMDAwMDAwMH19",
          "dependencies": [
            "yandex_vpc_network.loshadka"
          ]
        }
      ]
    },
    {
      "mode": "managed",
      "type": "yandex_vpc_security_group",
      "name": "zabbix-sg",
      "provider": "provider[\"registry.terraform.io/yandex-cloud/yandex\"]",
      "instances": [
        {
          "schema_version": 0,
          "attributes": {
            "created_at": "2025-08-13T18:54:25Z",
            "description": "Группа для zabbix",
            "egress": [
              {
                "description": "Входящий zabbix agent",
                "from_port": 0,
                "id": "enpi4mq8bv5fug7mr9ct",
                "labels": {},
                "port": -1,
                "predefined_target": "",
                "protocol": "ANY",
                "security_group_id": "",
                "to_port": 65535,
                "v4_cidr_blocks": [
                  "0.0.0.0/0"
                ],
                "v6_cidr_blocks": []
              },
              {
                "description": "Исходящий zabbix agent",
                "from_port": -1,
                "id": "enp9qqioljelrdtvtmhu",
                "labels": {},
                "port": 10050,
                "predefined_target": "",
                "protocol": "TCP",
                "security_group_id": "",
                "to_port": -1,
                "v4_cidr_blocks": [
                  "0.0.0.0/0"
                ],
                "v6_cidr_blocks": []
              },
              {
                "description": "Исходящий zabbix trapper",
                "from_port": -1,
                "id": "enp3nbd4mdkch0as1v46",
                "labels": {},
                "port": 10051,
                "predefined_target": "",
                "protocol": "TCP",
                "security_group_id": "",
                "to_port": -1,
                "v4_cidr_blocks": [
                  "0.0.0.0/0"
                ],
                "v6_cidr_blocks": []
              }
            ],
            "folder_id": "b1ggikaja1av3posr20i",
            "id": "enpj3cbdccu6kiudchft",
            "ingress": [
              {
                "description": "Входящий zabbix agent",
                "from_port": -1,
                "id": "enpvao4bdki0h3emvqd6",
                "labels": {},
                "port": 10050,
                "predefined_target": "",
                "protocol": "TCP",
                "security_group_id": "",
                "to_port": -1,
                "v4_cidr_blocks": [
                  "0.0.0.0/0"
                ],
                "v6_cidr_blocks": []
              },
              {
                "description": "Входящий zabbix agent",
                "from_port": 0,
                "id": "enpheohemcgs2fmbitqu",
                "labels": {},
                "port": -1,
                "predefined_target": "",
                "protocol": "ANY",
                "security_group_id": "",
                "to_port": 65535,
                "v4_cidr_blocks": [
                  "0.0.0.0/0"
                ],
                "v6_cidr_blocks": []
              },
              {
                "description": "Входящий zabbix trapper",
                "from_port": -1,
                "id": "enpfl47ojc37dkqif052",
                "labels": {},
                "port": 10051,
                "predefined_target": "",
                "protocol": "TCP",
                "security_group_id": "",
                "to_port": -1,
                "v4_cidr_blocks": [
                  "0.0.0.0/0"
                ],
                "v6_cidr_blocks": []
              }
            ],
            "labels": {},
            "name": "zabbix-sg",
            "network_id": "enph73e14j8o2hjivd7k",
            "status": "ACTIVE",
            "timeouts": null
          },
          "sensitive_attributes": [],
          "identity_schema_version": 0,
          "private": "eyJlMmJmYjczMC1lY2FhLTExZTYtOGY4OC0zNDM2M2JjN2M0YzAiOnsiY3JlYXRlIjoxODAwMDAwMDAwMDAsImRlbGV0ZSI6MTgwMDAwMDAwMDAwLCJ1cGRhdGUiOjE4MDAwMDAwMDAwMH19",
          "dependencies": [
            "yandex_vpc_network.loshadka"
          ]
        }
      ]
    },
    {
      "mode": "managed",
      "type": "yandex_vpc_security_group_rule",
      "name": "ssh-rule-inbound",
      "provider": "provider[\"registry.terraform.io/yandex-cloud/yandex\"]",
      "instances": [
        {
          "schema_version": 0,
          "attributes": {
            "description": "Разрешает входящий ssh",
            "direction": "ingress",
            "from_port": -1,
            "id": "enpbjtl2976ghh3r9qa4",
            "labels": null,
            "port": 22,
            "predefined_target": "",
            "protocol": "ANY",
            "security_group_binding": "enp3e4i943jcoet0chga",
            "security_group_id": "",
            "timeouts": null,
            "to_port": -1,
            "v4_cidr_blocks": [
              "0.0.0.0/0"
            ],
            "v6_cidr_blocks": null
          },
          "sensitive_attributes": [],
          "identity_schema_version": 0,
          "dependencies": [
            "yandex_vpc_network.loshadka",
            "yandex_vpc_security_group.bastion-sg"
          ]
        }
      ]
    },
    {
      "mode": "managed",
      "type": "yandex_vpc_security_group_rule",
      "name": "ssh-rule-outbound",
      "provider": "provider[\"registry.terraform.io/yandex-cloud/yandex\"]",
      "instances": [
        {
          "schema_version": 0,
          "attributes": {
            "description": "Разрешает исходящий ssh",
            "direction": "egress",
            "from_port": -1,
            "id": "enp1kmjl9d4v87sqd9pr",
            "labels": null,
            "port": 22,
            "predefined_target": "",
            "protocol": "ANY",
            "security_group_binding": "enp3e4i943jcoet0chga",
            "security_group_id": "",
            "timeouts": null,
            "to_port": -1,
            "v4_cidr_blocks": [
              "0.0.0.0/0"
            ],
            "v6_cidr_blocks": null
          },
          "sensitive_attributes": [],
          "identity_schema_version": 0,
          "dependencies": [
            "yandex_vpc_network.loshadka",
            "yandex_vpc_security_group.bastion-sg"
          ]
        }
      ]
    },
    {
      "mode": "managed",
      "type": "yandex_vpc_security_group_rule",
      "name": "ssh-rule-web-inbound",
      "provider": "provider[\"registry.terraform.io/yandex-cloud/yandex\"]",
      "instances": [
        {
          "schema_version": 0,
          "attributes": {
            "description": "Разрешает входящий ssh для web сайтов только с бастион сервера",
            "direction": "ingress",
            "from_port": -1,
            "id": "enpbhtj7a0iohrgiv3tu",
            "labels": null,
            "port": 22,
            "predefined_target": "",
            "protocol": "TCP",
            "security_group_binding": "enpfn94n3foobd06fr36",
            "security_group_id": "",
            "timeouts": null,
            "to_port": -1,
            "v4_cidr_blocks": [
              "192.168.1.0/24",
              "192.168.2.0/24"
            ],
            "v6_cidr_blocks": null
          },
          "sensitive_attributes": [],
          "identity_schema_version": 0,
          "dependencies": [
            "yandex_vpc_network.loshadka",
            "yandex_vpc_security_group.web-sg"
          ]
        }
      ]
    },
    {
      "mode": "managed",
      "type": "yandex_vpc_security_group_rule",
      "name": "ssh-rule-web-outbound",
      "provider": "provider[\"registry.terraform.io/yandex-cloud/yandex\"]",
      "instances": [
        {
          "schema_version": 0,
          "attributes": {
            "description": "Разрешает исходящий ssh для web сайтов только с бастион сервера",
            "direction": "egress",
            "from_port": -1,
            "id": "enpi1hk3h5g2lajhrm78",
            "labels": null,
            "port": 22,
            "predefined_target": "",
            "protocol": "TCP",
            "security_group_binding": "enpfn94n3foobd06fr36",
            "security_group_id": "",
            "timeouts": null,
            "to_port": -1,
            "v4_cidr_blocks": [
              "192.168.1.0/24",
              "192.168.2.0/24"
            ],
            "v6_cidr_blocks": null
          },
          "sensitive_attributes": [],
          "identity_schema_version": 0,
          "dependencies": [
            "yandex_vpc_network.loshadka",
            "yandex_vpc_security_group.web-sg"
          ]
        }
      ]
    },
    {
      "mode": "managed",
      "type": "yandex_vpc_security_group_rule",
      "name": "web-http-inbound",
      "provider": "provider[\"registry.terraform.io/yandex-cloud/yandex\"]",
      "instances": [
        {
          "schema_version": 0,
          "attributes": {
            "description": "Разрешает входящий http трафик",
            "direction": "ingress",
            "from_port": -1,
            "id": "enp3h75bka9b1vqnaqgc",
            "labels": null,
            "port": 80,
            "predefined_target": "",
            "protocol": "TCP",
            "security_group_binding": "enpfn94n3foobd06fr36",
            "security_group_id": "",
            "timeouts": null,
            "to_port": -1,
            "v4_cidr_blocks": [
              "0.0.0.0/0"
            ],
            "v6_cidr_blocks": null
          },
          "sensitive_attributes": [],
          "identity_schema_version": 0,
          "dependencies": [
            "yandex_vpc_network.loshadka",
            "yandex_vpc_security_group.web-sg"
          ]
        }
      ]
    },
    {
      "mode": "managed",
      "type": "yandex_vpc_security_group_rule",
      "name": "web-http-outbound",
      "provider": "provider[\"registry.terraform.io/yandex-cloud/yandex\"]",
      "instances": [
        {
          "schema_version": 0,
          "attributes": {
            "description": "Разрешает исходящий http трафик",
            "direction": "egress",
            "from_port": -1,
            "id": "enpnh0ablrvl6vkurikk",
            "labels": null,
            "port": 80,
            "predefined_target": "",
            "protocol": "TCP",
            "security_group_binding": "enpfn94n3foobd06fr36",
            "security_group_id": "",
            "timeouts": null,
            "to_port": -1,
            "v4_cidr_blocks": [
              "0.0.0.0/0"
            ],
            "v6_cidr_blocks": null
          },
          "sensitive_attributes": [],
          "identity_schema_version": 0,
          "dependencies": [
            "yandex_vpc_network.loshadka",
            "yandex_vpc_security_group.web-sg"
          ]
        }
      ]
    },
    {
      "mode": "managed",
      "type": "yandex_vpc_security_group_rule",
      "name": "web-zabbix-inbound",
      "provider": "provider[\"registry.terraform.io/yandex-cloud/yandex\"]",
      "instances": [
        {
          "schema_version": 0,
          "attributes": {
            "description": "Входящий zabbix agent",
            "direction": "ingress",
            "from_port": -1,
            "id": "enpl8uecl9ud5dej878a",
            "labels": null,
            "port": 10050,
            "predefined_target": "",
            "protocol": "TCP",
            "security_group_binding": "enpfn94n3foobd06fr36",
            "security_group_id": "",
            "timeouts": null,
            "to_port": -1,
            "v4_cidr_blocks": [
              "0.0.0.0/0"
            ],
            "v6_cidr_blocks": null
          },
          "sensitive_attributes": [],
          "identity_schema_version": 0,
          "dependencies": [
            "yandex_vpc_network.loshadka",
            "yandex_vpc_security_group.web-sg"
          ]
        }
      ]
    },
    {
      "mode": "managed",
      "type": "yandex_vpc_security_group_rule",
      "name": "web-zabbix-outbound",
      "provider": "provider[\"registry.terraform.io/yandex-cloud/yandex\"]",
      "instances": [
        {
          "schema_version": 0,
          "attributes": {
            "description": "Входящий zabbix agent",
            "direction": "egress",
            "from_port": -1,
            "id": "enpatbep71qldi0183o2",
            "labels": null,
            "port": 10050,
            "predefined_target": "",
            "protocol": "TCP",
            "security_group_binding": "enpfn94n3foobd06fr36",
            "security_group_id": "",
            "timeouts": null,
            "to_port": -1,
            "v4_cidr_blocks": [
              "0.0.0.0/0"
            ],
            "v6_cidr_blocks": null
          },
          "sensitive_attributes": [],
          "identity_schema_version": 0,
          "dependencies": [
            "yandex_vpc_network.loshadka",
            "yandex_vpc_security_group.web-sg"
          ]
        }
      ]
    },
    {
      "mode": "managed",
      "type": "yandex_vpc_security_group_rule",
      "name": "web-zabbix-trapper-inbound",
      "provider": "provider[\"registry.terraform.io/yandex-cloud/yandex\"]",
      "instances": [
        {
          "schema_version": 0,
          "attributes": {
            "description": "Входящий zabbix trapper",
            "direction": "ingress",
            "from_port": -1,
            "id": "enpbll27t0jglug1aghp",
            "labels": null,
            "port": 10051,
            "predefined_target": "",
            "protocol": "ANY",
            "security_group_binding": "enpfn94n3foobd06fr36",
            "security_group_id": "",
            "timeouts": null,
            "to_port": -1,
            "v4_cidr_blocks": [
              "0.0.0.0/0"
            ],
            "v6_cidr_blocks": null
          },
          "sensitive_attributes": [],
          "identity_schema_version": 0,
          "dependencies": [
            "yandex_vpc_network.loshadka",
            "yandex_vpc_security_group.web-sg"
          ]
        }
      ]
    },
    {
      "mode": "managed",
      "type": "yandex_vpc_security_group_rule",
      "name": "wevb-zabbix-trapper-outbound",
      "provider": "provider[\"registry.terraform.io/yandex-cloud/yandex\"]",
      "instances": [
        {
          "schema_version": 0,
          "attributes": {
            "description": "Исходящий zabbix trapper",
            "direction": "egress",
            "from_port": -1,
            "id": "enphjdrje06mj1ge3oiq",
            "labels": null,
            "port": 10051,
            "predefined_target": "",
            "protocol": "ANY",
            "security_group_binding": "enpfn94n3foobd06fr36",
            "security_group_id": "",
            "timeouts": null,
            "to_port": -1,
            "v4_cidr_blocks": [
              "0.0.0.0/0"
            ],
            "v6_cidr_blocks": null
          },
          "sensitive_attributes": [],
          "identity_schema_version": 0,
          "dependencies": [
            "yandex_vpc_network.loshadka",
            "yandex_vpc_security_group.web-sg"
          ]
        }
      ]
    },
    {
      "mode": "managed",
      "type": "yandex_vpc_security_group_rule",
      "name": "zabbix-agent-all",
      "provider": "provider[\"registry.terraform.io/yandex-cloud/yandex\"]",
      "instances": [
        {
          "schema_version": 0,
          "attributes": {
            "description": "Входящий zabbix agent",
            "direction": "ingress",
            "from_port": 0,
            "id": "enpheohemcgs2fmbitqu",
            "labels": null,
            "port": -1,
            "predefined_target": "",
            "protocol": "ANY",
            "security_group_binding": "enpj3cbdccu6kiudchft",
            "security_group_id": "",
            "timeouts": null,
            "to_port": 65535,
            "v4_cidr_blocks": [
              "0.0.0.0/0"
            ],
            "v6_cidr_blocks": null
          },
          "sensitive_attributes": [],
          "identity_schema_version": 0,
          "dependencies": [
            "yandex_vpc_network.loshadka",
            "yandex_vpc_security_group.zabbix-sg"
          ]
        }
      ]
    },
    {
      "mode": "managed",
      "type": "yandex_vpc_security_group_rule",
      "name": "zabbix-agent-all2",
      "provider": "provider[\"registry.terraform.io/yandex-cloud/yandex\"]",
      "instances": [
        {
          "schema_version": 0,
          "attributes": {
            "description": "Входящий zabbix agent",
            "direction": "egress",
            "from_port": 0,
            "id": "enpi4mq8bv5fug7mr9ct",
            "labels": null,
            "port": -1,
            "predefined_target": "",
            "protocol": "ANY",
            "security_group_binding": "enpj3cbdccu6kiudchft",
            "security_group_id": "",
            "timeouts": null,
            "to_port": 65535,
            "v4_cidr_blocks": [
              "0.0.0.0/0"
            ],
            "v6_cidr_blocks": null
          },
          "sensitive_attributes": [],
          "identity_schema_version": 0,
          "dependencies": [
            "yandex_vpc_network.loshadka",
            "yandex_vpc_security_group.zabbix-sg"
          ]
        }
      ]
    },
    {
      "mode": "managed",
      "type": "yandex_vpc_security_group_rule",
      "name": "zabbix-agent-inbound",
      "provider": "provider[\"registry.terraform.io/yandex-cloud/yandex\"]",
      "instances": [
        {
          "schema_version": 0,
          "attributes": {
            "description": "Входящий zabbix agent",
            "direction": "ingress",
            "from_port": -1,
            "id": "enpvao4bdki0h3emvqd6",
            "labels": null,
            "port": 10050,
            "predefined_target": "",
            "protocol": "TCP",
            "security_group_binding": "enpj3cbdccu6kiudchft",
            "security_group_id": "",
            "timeouts": null,
            "to_port": -1,
            "v4_cidr_blocks": [
              "0.0.0.0/0"
            ],
            "v6_cidr_blocks": null
          },
          "sensitive_attributes": [],
          "identity_schema_version": 0,
          "dependencies": [
            "yandex_vpc_network.loshadka",
            "yandex_vpc_security_group.zabbix-sg"
          ]
        }
      ]
    },
    {
      "mode": "managed",
      "type": "yandex_vpc_security_group_rule",
      "name": "zabbix-agent-outbound",
      "provider": "provider[\"registry.terraform.io/yandex-cloud/yandex\"]",
      "instances": [
        {
          "schema_version": 0,
          "attributes": {
            "description": "Исходящий zabbix agent",
            "direction": "egress",
            "from_port": -1,
            "id": "enp9qqioljelrdtvtmhu",
            "labels": null,
            "port": 10050,
            "predefined_target": "",
            "protocol": "TCP",
            "security_group_binding": "enpj3cbdccu6kiudchft",
            "security_group_id": "",
            "timeouts": null,
            "to_port": -1,
            "v4_cidr_blocks": [
              "0.0.0.0/0"
            ],
            "v6_cidr_blocks": null
          },
          "sensitive_attributes": [],
          "identity_schema_version": 0,
          "dependencies": [
            "yandex_vpc_network.loshadka",
            "yandex_vpc_security_group.zabbix-sg"
          ]
        }
      ]
    },
    {
      "mode": "managed",
      "type": "yandex_vpc_security_group_rule",
      "name": "zabbix-trapper-inbound",
      "provider": "provider[\"registry.terraform.io/yandex-cloud/yandex\"]",
      "instances": [
        {
          "schema_version": 0,
          "attributes": {
            "description": "Входящий zabbix trapper",
            "direction": "ingress",
            "from_port": -1,
            "id": "enpfl47ojc37dkqif052",
            "labels": null,
            "port": 10051,
            "predefined_target": "",
            "protocol": "TCP",
            "security_group_binding": "enpj3cbdccu6kiudchft",
            "security_group_id": "",
            "timeouts": null,
            "to_port": -1,
            "v4_cidr_blocks": [
              "0.0.0.0/0"
            ],
            "v6_cidr_blocks": null
          },
          "sensitive_attributes": [],
          "identity_schema_version": 0,
          "dependencies": [
            "yandex_vpc_network.loshadka",
            "yandex_vpc_security_group.zabbix-sg"
          ]
        }
      ]
    },
    {
      "mode": "managed",
      "type": "yandex_vpc_security_group_rule",
      "name": "zabbix-trapper-outbound",
      "provider": "provider[\"registry.terraform.io/yandex-cloud/yandex\"]",
      "instances": [
        {
          "schema_version": 0,
          "attributes": {
            "description": "Исходящий zabbix trapper",
            "direction": "egress",
            "from_port": -1,
            "id": "enp3nbd4mdkch0as1v46",
            "labels": null,
            "port": 10051,
            "predefined_target": "",
            "protocol": "TCP",
            "security_group_binding": "enpj3cbdccu6kiudchft",
            "security_group_id": "",
            "timeouts": null,
            "to_port": -1,
            "v4_cidr_blocks": [
              "0.0.0.0/0"
            ],
            "v6_cidr_blocks": null
          },
          "sensitive_attributes": [],
          "identity_schema_version": 0,
          "dependencies": [
            "yandex_vpc_network.loshadka",
            "yandex_vpc_security_group.zabbix-sg"
          ]
        }
      ]
    },
    {
      "mode": "managed",
      "type": "yandex_vpc_subnet",
      "name": "private-1",
      "provider": "provider[\"registry.terraform.io/yandex-cloud/yandex\"]",
      "instances": [
        {
          "schema_version": 0,
          "attributes": {
            "created_at": "2025-08-13T18:54:18Z",
            "description": "",
            "dhcp_options": [],
            "folder_id": "b1ggikaja1av3posr20i",
            "id": "e9b54ffqk463inntv8d8",
            "labels": {},
            "name": "private-1",
            "network_id": "enph73e14j8o2hjivd7k",
            "route_table_id": "enpu48kq4q5mlq5m905f",
            "timeouts": null,
            "v4_cidr_blocks": [
              "192.168.10.0/24"
            ],
            "v6_cidr_blocks": [],
            "zone": "ru-central1-a"
          },
          "sensitive_attributes": [],
          "identity_schema_version": 0,
          "private": "eyJlMmJmYjczMC1lY2FhLTExZTYtOGY4OC0zNDM2M2JjN2M0YzAiOnsiY3JlYXRlIjoxODAwMDAwMDAwMDAsImRlbGV0ZSI6MTgwMDAwMDAwMDAwLCJ1cGRhdGUiOjE4MDAwMDAwMDAwMH19",
          "dependencies": [
            "yandex_vpc_gateway.nat",
            "yandex_vpc_network.loshadka",
            "yandex_vpc_route_table.private-rt"
          ]
        }
      ]
    },
    {
      "mode": "managed",
      "type": "yandex_vpc_subnet",
      "name": "private-2",
      "provider": "provider[\"registry.terraform.io/yandex-cloud/yandex\"]",
      "instances": [
        {
          "schema_version": 0,
          "attributes": {
            "created_at": "2025-08-13T18:54:19Z",
            "description": "",
            "dhcp_options": [],
            "folder_id": "b1ggikaja1av3posr20i",
            "id": "e2lbvlok8dojr4lpqtaq",
            "labels": {},
            "name": "private-2",
            "network_id": "enph73e14j8o2hjivd7k",
            "route_table_id": "enpu48kq4q5mlq5m905f",
            "timeouts": null,
            "v4_cidr_blocks": [
              "192.168.11.0/24"
            ],
            "v6_cidr_blocks": [],
            "zone": "ru-central1-b"
          },
          "sensitive_attributes": [],
          "identity_schema_version": 0,
          "private": "eyJlMmJmYjczMC1lY2FhLTExZTYtOGY4OC0zNDM2M2JjN2M0YzAiOnsiY3JlYXRlIjoxODAwMDAwMDAwMDAsImRlbGV0ZSI6MTgwMDAwMDAwMDAwLCJ1cGRhdGUiOjE4MDAwMDAwMDAwMH19",
          "dependencies": [
            "yandex_vpc_gateway.nat",
            "yandex_vpc_network.loshadka",
            "yandex_vpc_route_table.private-rt"
          ]
        }
      ]
    },
    {
      "mode": "managed",
      "type": "yandex_vpc_subnet",
      "name": "public-1",
      "provider": "provider[\"registry.terraform.io/yandex-cloud/yandex\"]",
      "instances": [
        {
          "schema_version": 0,
          "attributes": {
            "created_at": "2025-08-13T18:54:16Z",
            "description": "",
            "dhcp_options": [],
            "folder_id": "b1ggikaja1av3posr20i",
            "id": "e9balo3qoplk24vk1fm0",
            "labels": {},
            "name": "public-1",
            "network_id": "enph73e14j8o2hjivd7k",
            "route_table_id": "",
            "timeouts": null,
            "v4_cidr_blocks": [
              "192.168.1.0/24"
            ],
            "v6_cidr_blocks": [],
            "zone": "ru-central1-a"
          },
          "sensitive_attributes": [],
          "identity_schema_version": 0,
          "private": "eyJlMmJmYjczMC1lY2FhLTExZTYtOGY4OC0zNDM2M2JjN2M0YzAiOnsiY3JlYXRlIjoxODAwMDAwMDAwMDAsImRlbGV0ZSI6MTgwMDAwMDAwMDAwLCJ1cGRhdGUiOjE4MDAwMDAwMDAwMH19",
          "dependencies": [
            "yandex_vpc_network.loshadka"
          ]
        }
      ]
    },
    {
      "mode": "managed",
      "type": "yandex_vpc_subnet",
      "name": "public-2",
      "provider": "provider[\"registry.terraform.io/yandex-cloud/yandex\"]",
      "instances": [
        {
          "schema_version": 0,
          "attributes": {
            "created_at": "2025-08-13T18:54:16Z",
            "description": "",
            "dhcp_options": [],
            "folder_id": "b1ggikaja1av3posr20i",
            "id": "e2l9o92h5dqu0qo190sh",
            "labels": {},
            "name": "public-2",
            "network_id": "enph73e14j8o2hjivd7k",
            "route_table_id": "",
            "timeouts": null,
            "v4_cidr_blocks": [
              "192.168.2.0/24"
            ],
            "v6_cidr_blocks": [],
            "zone": "ru-central1-b"
          },
          "sensitive_attributes": [],
          "identity_schema_version": 0,
          "private": "eyJlMmJmYjczMC1lY2FhLTExZTYtOGY4OC0zNDM2M2JjN2M0YzAiOnsiY3JlYXRlIjoxODAwMDAwMDAwMDAsImRlbGV0ZSI6MTgwMDAwMDAwMDAwLCJ1cGRhdGUiOjE4MDAwMDAwMDAwMH19",
          "dependencies": [
            "yandex_vpc_network.loshadka"
          ]
        }
      ]
    }
  ],
  "check_results": null
}
