{
  "version": 4,
  "terraform_version": "1.12.2",
  "serial": 485,
  "lineage": "6caeb973-23e8-264b-c7fd-f0bb46e83004",
  "outputs": {
    "alb_ip": {
      "value": [
        {
          "address": "84.201.145.206"
        }
      ],
      "type": [
        "list",
        [
          "object",
          {
            "address": "string"
          }
        ]
      ]
    },
    "bastion_public_ip": {
      "value": "89.169.137.32",
      "type": "string"
    },
    "web_private_ips": {
      "value": [
        "192.168.10.21",
        "192.168.11.11"
      ],
      "type": [
        "tuple",
        [
          "string",
          "string"
        ]
      ]
    }
  },
  "resources": [
    {
      "mode": "data",
      "type": "yandex_compute_image",
      "name": "ubuntu",
      "provider": "provider[\"registry.terraform.io/yandex-cloud/yandex\"]",
      "instances": [
        {
          "schema_version": 0,
          "attributes": {
            "created_at": "2025-08-06T08:45:01Z",
            "description": "Ubuntu 22.04 lts with oslogin  v20250805030315",
            "family": "ubuntu-2204-lts-oslogin",
            "folder_id": "standard-images",
            "hardware_generation": [
              {
                "generation2_features": [],
                "legacy_features": [
                  {
                    "pci_topology": "PCI_TOPOLOGY_V2"
                  }
                ]
              }
            ],
            "id": "fd8e89et125fmvduoofv",
            "image_id": "fd8e89et125fmvduoofv",
            "kms_key_id": null,
            "labels": {
              "version": "20250805030315"
            },
            "min_disk_size": 8,
            "name": "ubuntu-2204-lts-oslogin-v20250806a",
            "os_type": "linux",
            "pooled": true,
            "product_ids": [
              "f2e5lcg3mk7jmugvogbu"
            ],
            "size": 2,
            "status": "ready"
          },
          "sensitive_attributes": [],
          "identity_schema_version": 0
        }
      ]
    },
    {
      "mode": "managed",
      "type": "yandex_alb_backend_group",
      "name": "backend",
      "provider": "provider[\"registry.terraform.io/yandex-cloud/yandex\"]",
      "instances": [
        {
          "schema_version": 0,
          "attributes": {
            "created_at": "2025-08-11T10:49:56Z",
            "description": "",
            "folder_id": "b1ggikaja1av3posr20i",
            "grpc_backend": [],
            "http_backend": [
              {
                "healthcheck": [
                  {
                    "grpc_healthcheck": [],
                    "healthcheck_port": 0,
                    "healthy_threshold": 0,
                    "http_healthcheck": [
                      {
                        "expected_statuses": null,
                        "host": "",
                        "http2": false,
                        "path": "/"
                      }
                    ],
                    "interval": "3s",
                    "interval_jitter_percent": 0,
                    "stream_healthcheck": [],
                    "timeout": "1s",
                    "unhealthy_threshold": 0
                  }
                ],
                "http2": false,
                "load_balancing_config": [],
                "name": "http-backend",
                "port": 80,
                "storage_bucket": "",
                "target_group_ids": [
                  "ds7n9a2is2np5t65vmr1"
                ],
                "tls": [],
                "weight": 1
              }
            ],
            "id": "ds7djrr9dappooc5pfm6",
            "labels": null,
            "name": "",
            "session_affinity": [],
            "stream_backend": [],
            "timeouts": null
          },
          "sensitive_attributes": [],
          "identity_schema_version": 0,
          "private": "eyJlMmJmYjczMC1lY2FhLTExZTYtOGY4OC0zNDM2M2JjN2M0YzAiOnsiY3JlYXRlIjozMDAwMDAwMDAwMDAsImRlbGV0ZSI6MzAwMDAwMDAwMDAwLCJ1cGRhdGUiOjMwMDAwMDAwMDAwMH19",
          "dependencies": [
            "data.yandex_compute_image.ubuntu",
            "yandex_alb_target_group.web-tg",
            "yandex_compute_instance.site",
            "yandex_vpc_gateway.nat",
            "yandex_vpc_network.loshadka",
            "yandex_vpc_route_table.private-rt",
            "yandex_vpc_security_group.web-sg",
            "yandex_vpc_subnet.private-1",
            "yandex_vpc_subnet.private-2"
          ]
        }
      ]
    },
    {
      "mode": "managed",
      "type": "yandex_alb_http_router",
      "name": "router",
      "provider": "provider[\"registry.terraform.io/yandex-cloud/yandex\"]",
      "instances": [
        {
          "schema_version": 0,
          "attributes": {
            "created_at": "2025-08-11T10:48:37Z",
            "description": "",
            "folder_id": "b1ggikaja1av3posr20i",
            "id": "ds7326objuup6vebjf36",
            "labels": null,
            "name": "site-router",
            "route_options": [],
            "timeouts": null
          },
          "sensitive_attributes": [],
          "identity_schema_version": 0,
          "private": "eyJlMmJmYjczMC1lY2FhLTExZTYtOGY4OC0zNDM2M2JjN2M0YzAiOnsiY3JlYXRlIjozMDAwMDAwMDAwMDAsImRlbGV0ZSI6MzAwMDAwMDAwMDAwLCJ1cGRhdGUiOjMwMDAwMDAwMDAwMH19"
        }
      ]
    },
    {
      "mode": "managed",
      "type": "yandex_alb_load_balancer",
      "name": "balancer",
      "provider": "provider[\"registry.terraform.io/yandex-cloud/yandex\"]",
      "instances": [
        {
          "schema_version": 0,
          "attributes": {
            "allocation_policy": [
              {
                "location": [
                  {
                    "disable_traffic": false,
                    "subnet_id": "e9b9njo0a2sdj09908o7",
                    "zone_id": "ru-central1-a"
                  }
                ]
              }
            ],
            "allow_zonal_shift": false,
            "auto_scale_policy": [],
            "created_at": "2025-08-11T10:48:40Z",
            "description": "",
            "folder_id": "b1ggikaja1av3posr20i",
            "id": "ds7n7vn2u81i986vvgu2",
            "labels": null,
            "listener": [
              {
                "endpoint": [
                  {
                    "address": [
                      {
                        "external_ipv4_address": [
                          {
                            "address": "84.201.145.206"
                          }
                        ],
                        "external_ipv6_address": [],
                        "internal_ipv4_address": []
                      }
                    ],
                    "ports": [
                      80
                    ]
                  }
                ],
                "http": [
                  {
                    "handler": [
                      {
                        "allow_http10": false,
                        "http2_options": [],
                        "http_router_id": "ds7326objuup6vebjf36",
                        "rewrite_request_id": false
                      }
                    ],
                    "redirects": []
                  }
                ],
                "name": "http-listener",
                "stream": [],
                "tls": []
              }
            ],
            "log_group_id": "",
            "log_options": [],
            "name": "balancer",
            "network_id": "enpnodrp5hfn6cvkk6dl",
            "region_id": "",
            "security_group_ids": null,
            "status": "active",
            "timeouts": null
          },
          "sensitive_attributes": [],
          "identity_schema_version": 0,
          "private": "eyJlMmJmYjczMC1lY2FhLTExZTYtOGY4OC0zNDM2M2JjN2M0YzAiOnsiY3JlYXRlIjo2MDAwMDAwMDAwMDAsImRlbGV0ZSI6NjAwMDAwMDAwMDAwLCJ1cGRhdGUiOjYwMDAwMDAwMDAwMH19",
          "dependencies": [
            "yandex_alb_http_router.router",
            "yandex_vpc_network.loshadka",
            "yandex_vpc_subnet.public-1"
          ]
        }
      ]
    },
    {
      "mode": "managed",
      "type": "yandex_alb_target_group",
      "name": "web-tg",
      "provider": "provider[\"registry.terraform.io/yandex-cloud/yandex\"]",
      "instances": [
        {
          "schema_version": 0,
          "attributes": {
            "created_at": "2025-08-11T10:49:56Z",
            "description": "",
            "folder_id": "b1ggikaja1av3posr20i",
            "id": "ds7n9a2is2np5t65vmr1",
            "labels": null,
            "name": "web-tg",
            "target": [
              {
                "ip_address": "192.168.10.21",
                "private_ipv4_address": false,
                "subnet_id": "e9boj92bro9ka65o251u"
              },
              {
                "ip_address": "192.168.11.11",
                "private_ipv4_address": false,
                "subnet_id": "e2l79hbpf9kq92lrdkfc"
              }
            ],
            "timeouts": null
          },
          "sensitive_attributes": [],
          "identity_schema_version": 0,
          "private": "eyJlMmJmYjczMC1lY2FhLTExZTYtOGY4OC0zNDM2M2JjN2M0YzAiOnsiY3JlYXRlIjozMDAwMDAwMDAwMDAsImRlbGV0ZSI6MzAwMDAwMDAwMDAwLCJ1cGRhdGUiOjMwMDAwMDAwMDAwMH19",
          "dependencies": [
            "data.yandex_compute_image.ubuntu",
            "yandex_compute_instance.site",
            "yandex_vpc_gateway.nat",
            "yandex_vpc_network.loshadka",
            "yandex_vpc_route_table.private-rt",
            "yandex_vpc_security_group.web-sg",
            "yandex_vpc_subnet.private-1",
            "yandex_vpc_subnet.private-2"
          ]
        }
      ]
    },
    {
      "mode": "managed",
      "type": "yandex_alb_virtual_host",
      "name": "vh",
      "provider": "provider[\"registry.terraform.io/yandex-cloud/yandex\"]",
      "instances": [
        {
          "schema_version": 0,
          "attributes": {
            "authority": null,
            "http_router_id": "ds7326objuup6vebjf36",
            "id": "ds7326objuup6vebjf36/site-vh",
            "modify_request_headers": [],
            "modify_response_headers": [],
            "name": "site-vh",
            "rate_limit": [],
            "route": [
              {
                "grpc_route": [],
                "http_route": [
                  {
                    "direct_response_action": [],
                    "http_match": [
                      {
                        "http_method": null,
                        "path": [
                          {
                            "exact": "",
                            "prefix": "/",
                            "regex": ""
                          }
                        ]
                      }
                    ],
                    "http_route_action": [
                      {
                        "auto_host_rewrite": false,
                        "backend_group_id": "ds7djrr9dappooc5pfm6",
                        "host_rewrite": "",
                        "idle_timeout": "",
                        "prefix_rewrite": "",
                        "rate_limit": [],
                        "regex_rewrite": [],
                        "timeout": "",
                        "upgrade_types": null
                      }
                    ],
                    "redirect_action": []
                  }
                ],
                "name": "route",
                "route_options": []
              }
            ],
            "route_options": [],
            "timeouts": null
          },
          "sensitive_attributes": [],
          "identity_schema_version": 0,
          "private": "eyJlMmJmYjczMC1lY2FhLTExZTYtOGY4OC0zNDM2M2JjN2M0YzAiOnsiY3JlYXRlIjozMDAwMDAwMDAwMDAsImRlbGV0ZSI6MzAwMDAwMDAwMDAwLCJ1cGRhdGUiOjMwMDAwMDAwMDAwMH19",
          "dependencies": [
            "data.yandex_compute_image.ubuntu",
            "yandex_alb_backend_group.backend",
            "yandex_alb_http_router.router",
            "yandex_alb_target_group.web-tg",
            "yandex_compute_instance.site",
            "yandex_vpc_gateway.nat",
            "yandex_vpc_network.loshadka",
            "yandex_vpc_route_table.private-rt",
            "yandex_vpc_security_group.web-sg",
            "yandex_vpc_subnet.private-1",
            "yandex_vpc_subnet.private-2"
          ]
        }
      ]
    },
    {
      "mode": "managed",
      "type": "yandex_compute_instance",
      "name": "bastion",
      "provider": "provider[\"registry.terraform.io/yandex-cloud/yandex\"]",
      "instances": [
        {
          "schema_version": 1,
          "attributes": {
            "allow_recreate": null,
            "allow_stopping_for_update": null,
            "boot_disk": [
              {
                "auto_delete": true,
                "device_name": "fhmk2voprct9a2tt87ko",
                "disk_id": "fhmk2voprct9a2tt87ko",
                "initialize_params": [
                  {
                    "block_size": 4096,
                    "description": "",
                    "image_id": "fd8e89et125fmvduoofv",
                    "kms_key_id": "",
                    "name": "",
                    "size": 10,
                    "snapshot_id": "",
                    "type": "network-hdd"
                  }
                ],
                "mode": "READ_WRITE"
              }
            ],
            "created_at": "2025-08-11T10:48:42Z",
            "description": "",
            "filesystem": [],
            "folder_id": "b1ggikaja1av3posr20i",
            "fqdn": "fhmg8t75kb7k4i006l4b.auto.internal",
            "gpu_cluster_id": "",
            "hardware_generation": [
              {
                "generation2_features": [],
                "legacy_features": [
                  {
                    "pci_topology": "PCI_TOPOLOGY_V2"
                  }
                ]
              }
            ],
            "hostname": "",
            "id": "fhmg8t75kb7k4i006l4b",
            "labels": null,
            "local_disk": [],
            "maintenance_grace_period": "",
            "maintenance_policy": null,
            "metadata": {
              "ssh-keys": "ubuntu:ssh-rsa AAAAB3NzaC1yc2EAAAADAQABAAABgQDVsVkt7lDa4noDkL1w7mNGXgeyjrWkikbwAyyWFBbDViHtDsWAAU9a6ipyguFxA2C3q9GKS8oqz86at/48oWYj6xN0L6YCnHwNhG4WNeeUqEYF5h0dyk9tgYe6kzRI678M8jid6rQf1tQzY+LddmN7qB4b+CP0cVi4dQQDCEMO7aMB+VDIhRiyq5don4FBysIr6ZEl9X9An7yDu68x/modq6NCXWtbKZPbg38EWY+5vkXAAKCo9RWfqFxNTB3b3RAOIujCmmDiG9vJNE+71M//929VcSEnDVNWXiqa/CIRwmgd9fmH7II3Sq/ua5k2VKjtOkjTUrCno4DI6XlNDDpdrQAa6Zal0TDKma4ffhmsTumUTpt1tYQZ1NQuPzVzTfqEAth+7/nUN/n/zmUi4vLgIQYh9svyOy11+BdyVoN9jY82krCfxlocUa62uvwoocVv3dfonhi6C5jStXWynbk7FMI7fshrR7QoF3CGvaIHOpLw/4EcqdbDReNXiCeAdas= root@Main\n"
            },
            "metadata_options": [
              {
                "aws_v1_http_endpoint": 1,
                "aws_v1_http_token": 2,
                "gce_http_endpoint": 1,
                "gce_http_token": 1
              }
            ],
            "name": "bastion",
            "network_acceleration_type": "standard",
            "network_interface": [
              {
                "dns_record": [],
                "index": 0,
                "ip_address": "192.168.1.32",
                "ipv4": true,
                "ipv6": false,
                "ipv6_address": "",
                "ipv6_dns_record": [],
                "mac_address": "d0:0d:10:47:4e:5a",
                "nat": true,
                "nat_dns_record": [],
                "nat_ip_address": "89.169.137.32",
                "nat_ip_version": "IPV4",
                "security_group_ids": [
                  "enphtfduqi5fl5498fcu"
                ],
                "subnet_id": "e9b9njo0a2sdj09908o7"
              }
            ],
            "placement_policy": [
              {
                "host_affinity_rules": [],
                "placement_group_id": "",
                "placement_group_partition": 0
              }
            ],
            "platform_id": "standard-v1",
            "resources": [
              {
                "core_fraction": 100,
                "cores": 2,
                "gpus": 0,
                "memory": 2
              }
            ],
            "scheduling_policy": [
              {
                "preemptible": true
              }
            ],
            "secondary_disk": [],
            "service_account_id": "",
            "status": "running",
            "timeouts": null,
            "zone": "ru-central1-a"
          },
          "sensitive_attributes": [],
          "identity_schema_version": 0,
          "private": "eyJlMmJmYjczMC1lY2FhLTExZTYtOGY4OC0zNDM2M2JjN2M0YzAiOnsiY3JlYXRlIjozMDAwMDAwMDAwMDAsImRlbGV0ZSI6MzAwMDAwMDAwMDAwLCJ1cGRhdGUiOjMwMDAwMDAwMDAwMH0sInNjaGVtYV92ZXJzaW9uIjoiMSJ9",
          "dependencies": [
            "data.yandex_compute_image.ubuntu",
            "yandex_vpc_network.loshadka",
            "yandex_vpc_security_group.bastion-sg",
            "yandex_vpc_subnet.public-1"
          ]
        }
      ]
    },
    {
      "mode": "managed",
      "type": "yandex_compute_instance",
      "name": "site",
      "provider": "provider[\"registry.terraform.io/yandex-cloud/yandex\"]",
      "instances": [
        {
          "index_key": 0,
          "schema_version": 1,
          "attributes": {
            "allow_recreate": null,
            "allow_stopping_for_update": null,
            "boot_disk": [
              {
                "auto_delete": true,
                "device_name": "fhmrufu4qi289c54d8bi",
                "disk_id": "fhmrufu4qi289c54d8bi",
                "initialize_params": [
                  {
                    "block_size": 4096,
                    "description": "",
                    "image_id": "fd8e89et125fmvduoofv",
                    "kms_key_id": "",
                    "name": "",
                    "size": 10,
                    "snapshot_id": "",
                    "type": "network-hdd"
                  }
                ],
                "mode": "READ_WRITE"
              }
            ],
            "created_at": "2025-08-11T10:48:44Z",
            "description": "",
            "filesystem": [],
            "folder_id": "b1ggikaja1av3posr20i",
            "fqdn": "site-1.ru-central1.internal",
            "gpu_cluster_id": "",
            "hardware_generation": [
              {
                "generation2_features": [],
                "legacy_features": [
                  {
                    "pci_topology": "PCI_TOPOLOGY_V2"
                  }
                ]
              }
            ],
            "hostname": "site-1",
            "id": "fhmtfllf8f7pfjm50r2h",
            "labels": null,
            "local_disk": [],
            "maintenance_grace_period": "",
            "maintenance_policy": null,
            "metadata": {
              "ssh-keys": "ubuntu:ssh-rsa AAAAB3NzaC1yc2EAAAADAQABAAABgQDVsVkt7lDa4noDkL1w7mNGXgeyjrWkikbwAyyWFBbDViHtDsWAAU9a6ipyguFxA2C3q9GKS8oqz86at/48oWYj6xN0L6YCnHwNhG4WNeeUqEYF5h0dyk9tgYe6kzRI678M8jid6rQf1tQzY+LddmN7qB4b+CP0cVi4dQQDCEMO7aMB+VDIhRiyq5don4FBysIr6ZEl9X9An7yDu68x/modq6NCXWtbKZPbg38EWY+5vkXAAKCo9RWfqFxNTB3b3RAOIujCmmDiG9vJNE+71M//929VcSEnDVNWXiqa/CIRwmgd9fmH7II3Sq/ua5k2VKjtOkjTUrCno4DI6XlNDDpdrQAa6Zal0TDKma4ffhmsTumUTpt1tYQZ1NQuPzVzTfqEAth+7/nUN/n/zmUi4vLgIQYh9svyOy11+BdyVoN9jY82krCfxlocUa62uvwoocVv3dfonhi6C5jStXWynbk7FMI7fshrR7QoF3CGvaIHOpLw/4EcqdbDReNXiCeAdas= root@Main\n",
              "user-data": "#cloud-config\r\npackage_update: true\r\npackage_upgrade: true\r\npackages:\r\n  - nginx\r\nruncmd:\r\n  - echo \"Hello World\" \u003e /var/www/html/index.html\r\n  - systemctl enable nginx\r\n  - systemctl restart nginx\r\n"
            },
            "metadata_options": [
              {
                "aws_v1_http_endpoint": 1,
                "aws_v1_http_token": 2,
                "gce_http_endpoint": 1,
                "gce_http_token": 1
              }
            ],
            "name": "site-1",
            "network_acceleration_type": "standard",
            "network_interface": [
              {
                "dns_record": [],
                "index": 0,
                "ip_address": "192.168.10.21",
                "ipv4": true,
                "ipv6": false,
                "ipv6_address": "",
                "ipv6_dns_record": [],
                "mac_address": "d0:0d:1d:7d:6a:f4",
                "nat": false,
                "nat_dns_record": [],
                "nat_ip_address": "",
                "nat_ip_version": "",
                "security_group_ids": [
                  "enprvm0fujipspt56aea"
                ],
                "subnet_id": "e9boj92bro9ka65o251u"
              }
            ],
            "placement_policy": [
              {
                "host_affinity_rules": [],
                "placement_group_id": "",
                "placement_group_partition": 0
              }
            ],
            "platform_id": "standard-v1",
            "resources": [
              {
                "core_fraction": 100,
                "cores": 2,
                "gpus": 0,
                "memory": 2
              }
            ],
            "scheduling_policy": [
              {
                "preemptible": true
              }
            ],
            "secondary_disk": [],
            "service_account_id": "",
            "status": "running",
            "timeouts": null,
            "zone": "ru-central1-a"
          },
          "sensitive_attributes": [],
          "identity_schema_version": 0,
          "private": "eyJlMmJmYjczMC1lY2FhLTExZTYtOGY4OC0zNDM2M2JjN2M0YzAiOnsiY3JlYXRlIjozMDAwMDAwMDAwMDAsImRlbGV0ZSI6MzAwMDAwMDAwMDAwLCJ1cGRhdGUiOjMwMDAwMDAwMDAwMH0sInNjaGVtYV92ZXJzaW9uIjoiMSJ9",
          "dependencies": [
            "data.yandex_compute_image.ubuntu",
            "yandex_vpc_gateway.nat",
            "yandex_vpc_network.loshadka",
            "yandex_vpc_route_table.private-rt",
            "yandex_vpc_security_group.web-sg",
            "yandex_vpc_subnet.private-1",
            "yandex_vpc_subnet.private-2"
          ]
        },
        {
          "index_key": 1,
          "schema_version": 1,
          "attributes": {
            "allow_recreate": null,
            "allow_stopping_for_update": null,
            "boot_disk": [
              {
                "auto_delete": true,
                "device_name": "epdbplfi6ailmv3cs4ek",
                "disk_id": "epdbplfi6ailmv3cs4ek",
                "initialize_params": [
                  {
                    "block_size": 4096,
                    "description": "",
                    "image_id": "fd8e89et125fmvduoofv",
                    "kms_key_id": "",
                    "name": "",
                    "size": 10,
                    "snapshot_id": "",
                    "type": "network-hdd"
                  }
                ],
                "mode": "READ_WRITE"
              }
            ],
            "created_at": "2025-08-11T10:48:45Z",
            "description": "",
            "filesystem": [],
            "folder_id": "b1ggikaja1av3posr20i",
            "fqdn": "site-2.ru-central1.internal",
            "gpu_cluster_id": "",
            "hardware_generation": [
              {
                "generation2_features": [],
                "legacy_features": [
                  {
                    "pci_topology": "PCI_TOPOLOGY_V2"
                  }
                ]
              }
            ],
            "hostname": "site-2",
            "id": "epdf4j6ui648k5fgfcv2",
            "labels": null,
            "local_disk": [],
            "maintenance_grace_period": "",
            "maintenance_policy": null,
            "metadata": {
              "ssh-keys": "ubuntu:ssh-rsa AAAAB3NzaC1yc2EAAAADAQABAAABgQDVsVkt7lDa4noDkL1w7mNGXgeyjrWkikbwAyyWFBbDViHtDsWAAU9a6ipyguFxA2C3q9GKS8oqz86at/48oWYj6xN0L6YCnHwNhG4WNeeUqEYF5h0dyk9tgYe6kzRI678M8jid6rQf1tQzY+LddmN7qB4b+CP0cVi4dQQDCEMO7aMB+VDIhRiyq5don4FBysIr6ZEl9X9An7yDu68x/modq6NCXWtbKZPbg38EWY+5vkXAAKCo9RWfqFxNTB3b3RAOIujCmmDiG9vJNE+71M//929VcSEnDVNWXiqa/CIRwmgd9fmH7II3Sq/ua5k2VKjtOkjTUrCno4DI6XlNDDpdrQAa6Zal0TDKma4ffhmsTumUTpt1tYQZ1NQuPzVzTfqEAth+7/nUN/n/zmUi4vLgIQYh9svyOy11+BdyVoN9jY82krCfxlocUa62uvwoocVv3dfonhi6C5jStXWynbk7FMI7fshrR7QoF3CGvaIHOpLw/4EcqdbDReNXiCeAdas= root@Main\n",
              "user-data": "#cloud-config\r\npackage_update: true\r\npackage_upgrade: true\r\npackages:\r\n  - nginx\r\nruncmd:\r\n  - echo \"Hello World\" \u003e /var/www/html/index.html\r\n  - systemctl enable nginx\r\n  - systemctl restart nginx\r\n"
            },
            "metadata_options": [
              {
                "aws_v1_http_endpoint": 1,
                "aws_v1_http_token": 2,
                "gce_http_endpoint": 1,
                "gce_http_token": 1
              }
            ],
            "name": "site-2",
            "network_acceleration_type": "standard",
            "network_interface": [
              {
                "dns_record": [],
                "index": 0,
                "ip_address": "192.168.11.11",
                "ipv4": true,
                "ipv6": false,
                "ipv6_address": "",
                "ipv6_dns_record": [],
                "mac_address": "d0:0d:f2:4c:de:91",
                "nat": false,
                "nat_dns_record": [],
                "nat_ip_address": "",
                "nat_ip_version": "",
                "security_group_ids": [
                  "enprvm0fujipspt56aea"
                ],
                "subnet_id": "e2l79hbpf9kq92lrdkfc"
              }
            ],
            "placement_policy": [
              {
                "host_affinity_rules": [],
                "placement_group_id": "",
                "placement_group_partition": 0
              }
            ],
            "platform_id": "standard-v1",
            "resources": [
              {
                "core_fraction": 100,
                "cores": 2,
                "gpus": 0,
                "memory": 2
              }
            ],
            "scheduling_policy": [
              {
                "preemptible": true
              }
            ],
            "secondary_disk": [],
            "service_account_id": "",
            "status": "running",
            "timeouts": null,
            "zone": "ru-central1-b"
          },
          "sensitive_attributes": [],
          "identity_schema_version": 0,
          "private": "eyJlMmJmYjczMC1lY2FhLTExZTYtOGY4OC0zNDM2M2JjN2M0YzAiOnsiY3JlYXRlIjozMDAwMDAwMDAwMDAsImRlbGV0ZSI6MzAwMDAwMDAwMDAwLCJ1cGRhdGUiOjMwMDAwMDAwMDAwMH0sInNjaGVtYV92ZXJzaW9uIjoiMSJ9",
          "dependencies": [
            "data.yandex_compute_image.ubuntu",
            "yandex_vpc_gateway.nat",
            "yandex_vpc_network.loshadka",
            "yandex_vpc_route_table.private-rt",
            "yandex_vpc_security_group.web-sg",
            "yandex_vpc_subnet.private-1",
            "yandex_vpc_subnet.private-2"
          ]
        }
      ]
    },
    {
      "mode": "managed",
      "type": "yandex_vpc_gateway",
      "name": "nat",
      "provider": "provider[\"registry.terraform.io/yandex-cloud/yandex\"]",
      "instances": [
        {
          "schema_version": 0,
          "attributes": {
            "created_at": "2025-08-11T10:48:37Z",
            "description": "",
            "folder_id": "b1ggikaja1av3posr20i",
            "id": "enpkq1qqddc51f6er53i",
            "labels": {},
            "name": "nat-gw",
            "shared_egress_gateway": [
              {}
            ],
            "timeouts": null
          },
          "sensitive_attributes": [],
          "identity_schema_version": 0,
          "private": "eyJlMmJmYjczMC1lY2FhLTExZTYtOGY4OC0zNDM2M2JjN2M0YzAiOnsiY3JlYXRlIjo2MDAwMDAwMDAwMCwiZGVsZXRlIjo2MDAwMDAwMDAwMCwidXBkYXRlIjo2MDAwMDAwMDAwMH19"
        }
      ]
    },
    {
      "mode": "managed",
      "type": "yandex_vpc_network",
      "name": "loshadka",
      "provider": "provider[\"registry.terraform.io/yandex-cloud/yandex\"]",
      "instances": [
        {
          "schema_version": 0,
          "attributes": {
            "created_at": "2025-08-11T10:48:37Z",
            "default_security_group_id": "enpmoragagrb814reh67",
            "description": "Локалка для сайтов",
            "folder_id": "b1ggikaja1av3posr20i",
            "id": "enpnodrp5hfn6cvkk6dl",
            "labels": {},
            "name": "loshadka",
            "subnet_ids": [],
            "timeouts": null
          },
          "sensitive_attributes": [],
          "identity_schema_version": 0,
          "private": "eyJlMmJmYjczMC1lY2FhLTExZTYtOGY4OC0zNDM2M2JjN2M0YzAiOnsiY3JlYXRlIjo2MDAwMDAwMDAwMCwiZGVsZXRlIjo2MDAwMDAwMDAwMCwidXBkYXRlIjo2MDAwMDAwMDAwMH19"
        }
      ]
    },
    {
      "mode": "managed",
      "type": "yandex_vpc_route_table",
      "name": "private-rt",
      "provider": "provider[\"registry.terraform.io/yandex-cloud/yandex\"]",
      "instances": [
        {
          "schema_version": 0,
          "attributes": {
            "created_at": "2025-08-11T10:48:41Z",
            "description": "",
            "folder_id": "b1ggikaja1av3posr20i",
            "id": "enp60t9cgcbg1r4cp6ck",
            "labels": {},
            "name": "",
            "network_id": "enpnodrp5hfn6cvkk6dl",
            "static_route": [
              {
                "destination_prefix": "0.0.0.0/0",
                "gateway_id": "enpkq1qqddc51f6er53i",
                "next_hop_address": ""
              }
            ],
            "timeouts": null
          },
          "sensitive_attributes": [],
          "identity_schema_version": 0,
          "private": "eyJlMmJmYjczMC1lY2FhLTExZTYtOGY4OC0zNDM2M2JjN2M0YzAiOnsiY3JlYXRlIjoxODAwMDAwMDAwMDAsImRlbGV0ZSI6MTgwMDAwMDAwMDAwLCJ1cGRhdGUiOjE4MDAwMDAwMDAwMH19",
          "dependencies": [
            "yandex_vpc_gateway.nat",
            "yandex_vpc_network.loshadka"
          ]
        }
      ]
    },
    {
      "mode": "managed",
      "type": "yandex_vpc_security_group",
      "name": "bastion-sg",
      "provider": "provider[\"registry.terraform.io/yandex-cloud/yandex\"]",
      "instances": [
        {
          "schema_version": 0,
          "attributes": {
            "created_at": "2025-08-11T10:48:41Z",
            "description": "Группа для бастион сервера",
            "egress": [],
            "folder_id": "b1ggikaja1av3posr20i",
            "id": "enphtfduqi5fl5498fcu",
            "ingress": [],
            "labels": {},
            "name": "bastion-sg",
            "network_id": "enpnodrp5hfn6cvkk6dl",
            "status": "ACTIVE",
            "timeouts": null
          },
          "sensitive_attributes": [],
          "identity_schema_version": 0,
          "private": "eyJlMmJmYjczMC1lY2FhLTExZTYtOGY4OC0zNDM2M2JjN2M0YzAiOnsiY3JlYXRlIjoxODAwMDAwMDAwMDAsImRlbGV0ZSI6MTgwMDAwMDAwMDAwLCJ1cGRhdGUiOjE4MDAwMDAwMDAwMH19",
          "dependencies": [
            "yandex_vpc_network.loshadka"
          ]
        }
      ]
    },
    {
      "mode": "managed",
      "type": "yandex_vpc_security_group",
      "name": "web-sg",
      "provider": "provider[\"registry.terraform.io/yandex-cloud/yandex\"]",
      "instances": [
        {
          "schema_version": 0,
          "attributes": {
            "created_at": "2025-08-11T10:48:43Z",
            "description": "Группа для для сайтов",
            "egress": [],
            "folder_id": "b1ggikaja1av3posr20i",
            "id": "enprvm0fujipspt56aea",
            "ingress": [],
            "labels": {},
            "name": "web-sg",
            "network_id": "enpnodrp5hfn6cvkk6dl",
            "status": "ACTIVE",
            "timeouts": null
          },
          "sensitive_attributes": [],
          "identity_schema_version": 0,
          "private": "eyJlMmJmYjczMC1lY2FhLTExZTYtOGY4OC0zNDM2M2JjN2M0YzAiOnsiY3JlYXRlIjoxODAwMDAwMDAwMDAsImRlbGV0ZSI6MTgwMDAwMDAwMDAwLCJ1cGRhdGUiOjE4MDAwMDAwMDAwMH19",
          "dependencies": [
            "yandex_vpc_network.loshadka"
          ]
        }
      ]
    },
    {
      "mode": "managed",
      "type": "yandex_vpc_security_group_rule",
      "name": "ssh-rule-inbound",
      "provider": "provider[\"registry.terraform.io/yandex-cloud/yandex\"]",
      "instances": [
        {
          "schema_version": 0,
          "attributes": {
            "description": "Разрешает входящий ssh",
            "direction": "ingress",
            "from_port": 0,
            "id": "enpvvb423aivanurj3dr",
            "labels": null,
            "port": -1,
            "predefined_target": "",
            "protocol": "ANY",
            "security_group_binding": "enphtfduqi5fl5498fcu",
            "security_group_id": "",
            "timeouts": null,
            "to_port": 10000,
            "v4_cidr_blocks": [
              "0.0.0.0/0"
            ],
            "v6_cidr_blocks": null
          },
          "sensitive_attributes": [],
          "identity_schema_version": 0,
          "dependencies": [
            "yandex_vpc_network.loshadka",
            "yandex_vpc_security_group.bastion-sg"
          ]
        }
      ]
    },
    {
      "mode": "managed",
      "type": "yandex_vpc_security_group_rule",
      "name": "ssh-rule-outbound",
      "provider": "provider[\"registry.terraform.io/yandex-cloud/yandex\"]",
      "instances": [
        {
          "schema_version": 0,
          "attributes": {
            "description": "Разрешает входящий ssh",
            "direction": "egress",
            "from_port": 0,
            "id": "enptf58e6jm72uolk14a",
            "labels": null,
            "port": -1,
            "predefined_target": "",
            "protocol": "ANY",
            "security_group_binding": "enphtfduqi5fl5498fcu",
            "security_group_id": "",
            "timeouts": null,
            "to_port": 10000,
            "v4_cidr_blocks": [
              "0.0.0.0/0"
            ],
            "v6_cidr_blocks": null
          },
          "sensitive_attributes": [],
          "identity_schema_version": 0,
          "dependencies": [
            "yandex_vpc_network.loshadka",
            "yandex_vpc_security_group.bastion-sg"
          ]
        }
      ]
    },
    {
      "mode": "managed",
      "type": "yandex_vpc_security_group_rule",
      "name": "ssh-rule-web-inbound",
      "provider": "provider[\"registry.terraform.io/yandex-cloud/yandex\"]",
      "instances": [
        {
          "schema_version": 0,
          "attributes": {
            "description": "Разрешает входящий ssh для web сайтов только с бастион сервера",
            "direction": "ingress",
            "from_port": -1,
            "id": "enp95qi94sanoo369o04",
            "labels": null,
            "port": 22,
            "predefined_target": "",
            "protocol": "TCP",
            "security_group_binding": "enprvm0fujipspt56aea",
            "security_group_id": "",
            "timeouts": null,
            "to_port": -1,
            "v4_cidr_blocks": [
              "192.168.1.0/24",
              "192.168.2.0/24"
            ],
            "v6_cidr_blocks": null
          },
          "sensitive_attributes": [],
          "identity_schema_version": 0,
          "dependencies": [
            "yandex_vpc_network.loshadka",
            "yandex_vpc_security_group.web-sg"
          ]
        }
      ]
    },
    {
      "mode": "managed",
      "type": "yandex_vpc_security_group_rule",
      "name": "ssh-rule-web-outbound",
      "provider": "provider[\"registry.terraform.io/yandex-cloud/yandex\"]",
      "instances": [
        {
          "schema_version": 0,
          "attributes": {
            "description": "Разрешает входящий ssh для web сайтов только с бастион сервера",
            "direction": "ingress",
            "from_port": -1,
            "id": "enp14u4our0if54t4cn9",
            "labels": null,
            "port": 22,
            "predefined_target": "",
            "protocol": "TCP",
            "security_group_binding": "enprvm0fujipspt56aea",
            "security_group_id": "",
            "timeouts": null,
            "to_port": -1,
            "v4_cidr_blocks": [
              "192.168.1.0/24",
              "192.168.2.0/24"
            ],
            "v6_cidr_blocks": null
          },
          "sensitive_attributes": [],
          "identity_schema_version": 0,
          "dependencies": [
            "yandex_vpc_network.loshadka",
            "yandex_vpc_security_group.web-sg"
          ]
        }
      ]
    },
    {
      "mode": "managed",
      "type": "yandex_vpc_security_group_rule",
      "name": "web-http-inbound",
      "provider": "provider[\"registry.terraform.io/yandex-cloud/yandex\"]",
      "instances": [
        {
          "schema_version": 0,
          "attributes": {
            "description": "Разрешает входящий http трафик",
            "direction": "ingress",
            "from_port": -1,
            "id": "enp10617rg3m7el8ir5e",
            "labels": null,
            "port": 80,
            "predefined_target": "",
            "protocol": "TCP",
            "security_group_binding": "enprvm0fujipspt56aea",
            "security_group_id": "",
            "timeouts": null,
            "to_port": -1,
            "v4_cidr_blocks": [
              "0.0.0.0/0"
            ],
            "v6_cidr_blocks": null
          },
          "sensitive_attributes": [],
          "identity_schema_version": 0,
          "dependencies": [
            "yandex_vpc_network.loshadka",
            "yandex_vpc_security_group.web-sg"
          ]
        }
      ]
    },
    {
      "mode": "managed",
      "type": "yandex_vpc_security_group_rule",
      "name": "web-http-outbound",
      "provider": "provider[\"registry.terraform.io/yandex-cloud/yandex\"]",
      "instances": [
        {
          "schema_version": 0,
          "attributes": {
            "description": "Разрешает входящий http трафик",
            "direction": "egress",
            "from_port": -1,
            "id": "enpooj5n3i7tuid6dgil",
            "labels": null,
            "port": 80,
            "predefined_target": "",
            "protocol": "TCP",
            "security_group_binding": "enprvm0fujipspt56aea",
            "security_group_id": "",
            "timeouts": null,
            "to_port": -1,
            "v4_cidr_blocks": [
              "0.0.0.0/0"
            ],
            "v6_cidr_blocks": null
          },
          "sensitive_attributes": [],
          "identity_schema_version": 0,
          "dependencies": [
            "yandex_vpc_network.loshadka",
            "yandex_vpc_security_group.web-sg"
          ]
        }
      ]
    },
    {
      "mode": "managed",
      "type": "yandex_vpc_subnet",
      "name": "private-1",
      "provider": "provider[\"registry.terraform.io/yandex-cloud/yandex\"]",
      "instances": [
        {
          "schema_version": 0,
          "attributes": {
            "created_at": "2025-08-11T10:48:42Z",
            "description": "",
            "dhcp_options": [],
            "folder_id": "b1ggikaja1av3posr20i",
            "id": "e9boj92bro9ka65o251u",
            "labels": {},
            "name": "private-1",
            "network_id": "enpnodrp5hfn6cvkk6dl",
            "route_table_id": "enp60t9cgcbg1r4cp6ck",
            "timeouts": null,
            "v4_cidr_blocks": [
              "192.168.10.0/24"
            ],
            "v6_cidr_blocks": [],
            "zone": "ru-central1-a"
          },
          "sensitive_attributes": [],
          "identity_schema_version": 0,
          "private": "eyJlMmJmYjczMC1lY2FhLTExZTYtOGY4OC0zNDM2M2JjN2M0YzAiOnsiY3JlYXRlIjoxODAwMDAwMDAwMDAsImRlbGV0ZSI6MTgwMDAwMDAwMDAwLCJ1cGRhdGUiOjE4MDAwMDAwMDAwMH19",
          "dependencies": [
            "yandex_vpc_gateway.nat",
            "yandex_vpc_network.loshadka",
            "yandex_vpc_route_table.private-rt"
          ]
        }
      ]
    },
    {
      "mode": "managed",
      "type": "yandex_vpc_subnet",
      "name": "private-2",
      "provider": "provider[\"registry.terraform.io/yandex-cloud/yandex\"]",
      "instances": [
        {
          "schema_version": 0,
          "attributes": {
            "created_at": "2025-08-11T10:48:42Z",
            "description": "",
            "dhcp_options": [],
            "folder_id": "b1ggikaja1av3posr20i",
            "id": "e2l79hbpf9kq92lrdkfc",
            "labels": {},
            "name": "private-2",
            "network_id": "enpnodrp5hfn6cvkk6dl",
            "route_table_id": "enp60t9cgcbg1r4cp6ck",
            "timeouts": null,
            "v4_cidr_blocks": [
              "192.168.11.0/24"
            ],
            "v6_cidr_blocks": [],
            "zone": "ru-central1-b"
          },
          "sensitive_attributes": [],
          "identity_schema_version": 0,
          "private": "eyJlMmJmYjczMC1lY2FhLTExZTYtOGY4OC0zNDM2M2JjN2M0YzAiOnsiY3JlYXRlIjoxODAwMDAwMDAwMDAsImRlbGV0ZSI6MTgwMDAwMDAwMDAwLCJ1cGRhdGUiOjE4MDAwMDAwMDAwMH19",
          "dependencies": [
            "yandex_vpc_gateway.nat",
            "yandex_vpc_network.loshadka",
            "yandex_vpc_route_table.private-rt"
          ]
        }
      ]
    },
    {
      "mode": "managed",
      "type": "yandex_vpc_subnet",
      "name": "public-1",
      "provider": "provider[\"registry.terraform.io/yandex-cloud/yandex\"]",
      "instances": [
        {
          "schema_version": 0,
          "attributes": {
            "created_at": "2025-08-11T10:48:40Z",
            "description": "",
            "dhcp_options": [],
            "folder_id": "b1ggikaja1av3posr20i",
            "id": "e9b9njo0a2sdj09908o7",
            "labels": {},
            "name": "public-1",
            "network_id": "enpnodrp5hfn6cvkk6dl",
            "route_table_id": "",
            "timeouts": null,
            "v4_cidr_blocks": [
              "192.168.1.0/24"
            ],
            "v6_cidr_blocks": [],
            "zone": "ru-central1-a"
          },
          "sensitive_attributes": [],
          "identity_schema_version": 0,
          "private": "eyJlMmJmYjczMC1lY2FhLTExZTYtOGY4OC0zNDM2M2JjN2M0YzAiOnsiY3JlYXRlIjoxODAwMDAwMDAwMDAsImRlbGV0ZSI6MTgwMDAwMDAwMDAwLCJ1cGRhdGUiOjE4MDAwMDAwMDAwMH19",
          "dependencies": [
            "yandex_vpc_network.loshadka"
          ]
        }
      ]
    },
    {
      "mode": "managed",
      "type": "yandex_vpc_subnet",
      "name": "public-2",
      "provider": "provider[\"registry.terraform.io/yandex-cloud/yandex\"]",
      "instances": [
        {
          "schema_version": 0,
          "attributes": {
            "created_at": "2025-08-11T10:48:40Z",
            "description": "",
            "dhcp_options": [],
            "folder_id": "b1ggikaja1av3posr20i",
            "id": "e2lh7vqh3psh7i8rd5qm",
            "labels": {},
            "name": "public-2",
            "network_id": "enpnodrp5hfn6cvkk6dl",
            "route_table_id": "",
            "timeouts": null,
            "v4_cidr_blocks": [
              "192.168.2.0/24"
            ],
            "v6_cidr_blocks": [],
            "zone": "ru-central1-b"
          },
          "sensitive_attributes": [],
          "identity_schema_version": 0,
          "private": "eyJlMmJmYjczMC1lY2FhLTExZTYtOGY4OC0zNDM2M2JjN2M0YzAiOnsiY3JlYXRlIjoxODAwMDAwMDAwMDAsImRlbGV0ZSI6MTgwMDAwMDAwMDAwLCJ1cGRhdGUiOjE4MDAwMDAwMDAwMH19",
          "dependencies": [
            "yandex_vpc_network.loshadka"
          ]
        }
      ]
    }
  ],
  "check_results": null
}
